PODS:
  - ResplendentUtilities (0.4.9)

DEPENDENCIES:
  - ResplendentUtilities (from `../`)

EXTERNAL SOURCES:
  ResplendentUtilities:
    :path: "../"

SPEC CHECKSUMS:
  ResplendentUtilities: 12d426d80d2fff33a1baef3edd16f9dce13503cf

PODFILE CHECKSUM: b36c6f04ed66bd9cbe28c946a8e4ffc545c7a0cc

COCOAPODS: 1.0.1
