PODS:
  - ResplendentUtilities (0.5.3)

DEPENDENCIES:
  - ResplendentUtilities (from `../`)

EXTERNAL SOURCES:
  ResplendentUtilities:
    :path: "../"

SPEC CHECKSUMS:
  ResplendentUtilities: d0b25000014152fb14f5a9b9d36c391dc788aeb3

PODFILE CHECKSUM: b36c6f04ed66bd9cbe28c946a8e4ffc545c7a0cc

COCOAPODS: 1.2.1
