// !$*UTF8*$!
{
	archiveVersion = 1;
	classes = {
	};
	objectVersion = 46;
	objects = {

/* Begin PBXBuildFile section */
		430C9CB01868D80B002AEB0B /* Foundation.framework in Frameworks */ = {isa = PBXBuildFile; fileRef = 430C9CAF1868D80B002AEB0B /* Foundation.framework */; };
		430C9CB21868D80B002AEB0B /* CoreGraphics.framework in Frameworks */ = {isa = PBXBuildFile; fileRef = 430C9CB11868D80B002AEB0B /* CoreGraphics.framework */; };
		430C9CB41868D80B002AEB0B /* UIKit.framework in Frameworks */ = {isa = PBXBuildFile; fileRef = 430C9CB31868D80B002AEB0B /* UIKit.framework */; };
		430C9CBA1868D80B002AEB0B /* InfoPlist.strings in Resources */ = {isa = PBXBuildFile; fileRef = 430C9CB81868D80B002AEB0B /* InfoPlist.strings */; };
		430C9CBC1868D80B002AEB0B /* main.m in Sources */ = {isa = PBXBuildFile; fileRef = 430C9CBB1868D80B002AEB0B /* main.m */; };
		430C9CC01868D80B002AEB0B /* RUAppDelegate.m in Sources */ = {isa = PBXBuildFile; fileRef = 430C9CBF1868D80B002AEB0B /* RUAppDelegate.m */; };
		430C9CC21868D80B002AEB0B /* Images.xcassets in Resources */ = {isa = PBXBuildFile; fileRef = 430C9CC11868D80B002AEB0B /* Images.xcassets */; };
		430C9CC91868D80B002AEB0B /* XCTest.framework in Frameworks */ = {isa = PBXBuildFile; fileRef = 430C9CC81868D80B002AEB0B /* XCTest.framework */; };
		430C9CCA1868D80B002AEB0B /* Foundation.framework in Frameworks */ = {isa = PBXBuildFile; fileRef = 430C9CAF1868D80B002AEB0B /* Foundation.framework */; };
		430C9CCB1868D80B002AEB0B /* UIKit.framework in Frameworks */ = {isa = PBXBuildFile; fileRef = 430C9CB31868D80B002AEB0B /* UIKit.framework */; };
		430C9CD31868D80B002AEB0B /* InfoPlist.strings in Resources */ = {isa = PBXBuildFile; fileRef = 430C9CD11868D80B002AEB0B /* InfoPlist.strings */; };
		430C9CD51868D80B002AEB0B /* ResplendentUtilitiesTests.m in Sources */ = {isa = PBXBuildFile; fileRef = 430C9CD41868D80B002AEB0B /* ResplendentUtilitiesTests.m */; };
		4347356C19E08DC0001DDE4D /* CALayer+RUMask.m in Sources */ = {isa = PBXBuildFile; fileRef = 434734A919E08DC0001DDE4D /* CALayer+RUMask.m */; };
		4347356D19E08DC0001DDE4D /* CAShapeLayer+RUMessageBox.m in Sources */ = {isa = PBXBuildFile; fileRef = 434734AB19E08DC0001DDE4D /* CAShapeLayer+RUMessageBox.m */; };
		4347356E19E08DC0001DDE4D /* NSBundle+RUPListGetters.m in Sources */ = {isa = PBXBuildFile; fileRef = 434734AD19E08DC0001DDE4D /* NSBundle+RUPListGetters.m */; };
		4347356F19E08DC0001DDE4D /* NSDate+RUUtility.m in Sources */ = {isa = PBXBuildFile; fileRef = 434734AF19E08DC0001DDE4D /* NSDate+RUUtility.m */; };
		4347357019E08DC0001DDE4D /* NSDictionary+RUFBUserResponseObject.m in Sources */ = {isa = PBXBuildFile; fileRef = 434734B119E08DC0001DDE4D /* NSDictionary+RUFBUserResponseObject.m */; };
		4347357119E08DC0001DDE4D /* NSManagedObject+RUUtility.m in Sources */ = {isa = PBXBuildFile; fileRef = 434734B319E08DC0001DDE4D /* NSManagedObject+RUUtility.m */; };
		4347357219E08DC0001DDE4D /* NSMutableDictionary+RUUtil.m in Sources */ = {isa = PBXBuildFile; fileRef = 434734B519E08DC0001DDE4D /* NSMutableDictionary+RUUtil.m */; };
		4347357319E08DC0001DDE4D /* NSNumber+RUUtil.m in Sources */ = {isa = PBXBuildFile; fileRef = 434734B719E08DC0001DDE4D /* NSNumber+RUUtil.m */; };
		4347357419E08DC0001DDE4D /* NSString+MKCoordinateRegion.m in Sources */ = {isa = PBXBuildFile; fileRef = 434734BA19E08DC0001DDE4D /* NSString+MKCoordinateRegion.m */; };
		4347357519E08DC0001DDE4D /* NSString+RUMutableURLRequest.m in Sources */ = {isa = PBXBuildFile; fileRef = 434734BC19E08DC0001DDE4D /* NSString+RUMutableURLRequest.m */; };
		4347357619E08DC0001DDE4D /* NSString+RUStringContainsUtil.m in Sources */ = {isa = PBXBuildFile; fileRef = 434734BE19E08DC0001DDE4D /* NSString+RUStringContainsUtil.m */; };
		4347357719E08DC0001DDE4D /* NSString+RUTextSize.m in Sources */ = {isa = PBXBuildFile; fileRef = 434734C019E08DC0001DDE4D /* NSString+RUTextSize.m */; };
		4347357819E08DC0001DDE4D /* NSString+RUURLParams.m in Sources */ = {isa = PBXBuildFile; fileRef = 434734C219E08DC0001DDE4D /* NSString+RUURLParams.m */; };
		4347357919E08DC0001DDE4D /* NSString+RUUtil.m in Sources */ = {isa = PBXBuildFile; fileRef = 434734C419E08DC0001DDE4D /* NSString+RUUtil.m */; };
		4347357A19E08DC0001DDE4D /* UIActionSheet+RUShowUtil.m in Sources */ = {isa = PBXBuildFile; fileRef = 434734C619E08DC0001DDE4D /* UIActionSheet+RUShowUtil.m */; };
		4347357B19E08DC0001DDE4D /* UIAlertView+RUShowUtil.m in Sources */ = {isa = PBXBuildFile; fileRef = 434734C819E08DC0001DDE4D /* UIAlertView+RUShowUtil.m */; };
		4347357C19E08DC0001DDE4D /* UIButton+RUTextSize.m in Sources */ = {isa = PBXBuildFile; fileRef = 434734CA19E08DC0001DDE4D /* UIButton+RUTextSize.m */; };
		4347357D19E08DC0001DDE4D /* UIColor+RUHexString.m in Sources */ = {isa = PBXBuildFile; fileRef = 434734CD19E08DC0001DDE4D /* UIColor+RUHexString.m */; };
		4347357E19E08DC0001DDE4D /* UIColor+RUUtility.m in Sources */ = {isa = PBXBuildFile; fileRef = 434734CF19E08DC0001DDE4D /* UIColor+RUUtility.m */; };
		4347357F19E08DC0001DDE4D /* UIFont+RUConstants.m in Sources */ = {isa = PBXBuildFile; fileRef = 434734D119E08DC0001DDE4D /* UIFont+RUConstants.m */; };
		4347358019E08DC0001DDE4D /* UIImage+Resizing.m in Sources */ = {isa = PBXBuildFile; fileRef = 434734D419E08DC0001DDE4D /* UIImage+Resizing.m */; };
		4347358119E08DC0001DDE4D /* UIImage+Rotation.m in Sources */ = {isa = PBXBuildFile; fileRef = 434734D619E08DC0001DDE4D /* UIImage+Rotation.m */; };
		4347358219E08DC0001DDE4D /* UIImage+RUDebug.m in Sources */ = {isa = PBXBuildFile; fileRef = 434734D819E08DC0001DDE4D /* UIImage+RUDebug.m */; };
		4347358319E08DC0001DDE4D /* UIImage+RUImageColorMasking.m in Sources */ = {isa = PBXBuildFile; fileRef = 434734DA19E08DC0001DDE4D /* UIImage+RUImageColorMasking.m */; };
		4347358419E08DC0001DDE4D /* UIView+RUSnapshot.m in Sources */ = {isa = PBXBuildFile; fileRef = 434734DC19E08DC0001DDE4D /* UIView+RUSnapshot.m */; };
		4347358519E08DC0001DDE4D /* UILabel+RUAttributes.m in Sources */ = {isa = PBXBuildFile; fileRef = 434734DF19E08DC0001DDE4D /* UILabel+RUAttributes.m */; };
		4347358619E08DC0001DDE4D /* UILabel+RUTextSize.m in Sources */ = {isa = PBXBuildFile; fileRef = 434734E119E08DC0001DDE4D /* UILabel+RUTextSize.m */; };
		4347358719E08DC0001DDE4D /* UITextField+RUAttributes.m in Sources */ = {isa = PBXBuildFile; fileRef = 434734E319E08DC0001DDE4D /* UITextField+RUAttributes.m */; };
		4347358819E08DC0001DDE4D /* UIView+CoreGraphics.m in Sources */ = {isa = PBXBuildFile; fileRef = 434734E619E08DC0001DDE4D /* UIView+CoreGraphics.m */; };
		4347358919E08DC0001DDE4D /* UIView+RUCancelControlTracking.m in Sources */ = {isa = PBXBuildFile; fileRef = 434734E819E08DC0001DDE4D /* UIView+RUCancelControlTracking.m */; };
		4347358A19E08DC0001DDE4D /* UIView+RUDrawHole.m in Sources */ = {isa = PBXBuildFile; fileRef = 434734EA19E08DC0001DDE4D /* UIView+RUDrawHole.m */; };
		4347358B19E08DC0001DDE4D /* UIView+RUEnableTapToResignFirstResponder.m in Sources */ = {isa = PBXBuildFile; fileRef = 434734EC19E08DC0001DDE4D /* UIView+RUEnableTapToResignFirstResponder.m */; };
		4347358C19E08DC0001DDE4D /* UIView+RUMaskRoundCorners.m in Sources */ = {isa = PBXBuildFile; fileRef = 434734EE19E08DC0001DDE4D /* UIView+RUMaskRoundCorners.m */; };
		4347358D19E08DC0001DDE4D /* UIView+RUSpinner.m in Sources */ = {isa = PBXBuildFile; fileRef = 434734F019E08DC0001DDE4D /* UIView+RUSpinner.m */; };
		4347358E19E08DC0001DDE4D /* UIView+RUSubviews.m in Sources */ = {isa = PBXBuildFile; fileRef = 434734F219E08DC0001DDE4D /* UIView+RUSubviews.m */; };
		4347358F19E08DC0001DDE4D /* UIView+RUUtility.m in Sources */ = {isa = PBXBuildFile; fileRef = 434734F419E08DC0001DDE4D /* UIView+RUUtility.m */; };
		4347359019E08DC0001DDE4D /* UIView+RUViewHierarchyUtility.m in Sources */ = {isa = PBXBuildFile; fileRef = 434734F619E08DC0001DDE4D /* UIView+RUViewHierarchyUtility.m */; };
		4347359119E08DC0001DDE4D /* RUScrollToTopManager.m in Sources */ = {isa = PBXBuildFile; fileRef = 434734F919E08DC0001DDE4D /* RUScrollToTopManager.m */; };
		4347359219E08DC0001DDE4D /* RUFullscreenRotatingView.m in Sources */ = {isa = PBXBuildFile; fileRef = 434734FC19E08DC0001DDE4D /* RUFullscreenRotatingView.m */; };
		4347359319E08DC0001DDE4D /* RUImageViewFullscreenRotatingView.m in Sources */ = {isa = PBXBuildFile; fileRef = 434734FF19E08DC0001DDE4D /* RUImageViewFullscreenRotatingView.m */; };
		4347359419E08DC0001DDE4D /* RUCompatability.m in Sources */ = {isa = PBXBuildFile; fileRef = 4347350519E08DC0001DDE4D /* RUCompatability.m */; };
		4347359519E08DC0001DDE4D /* RUImageCompatability.m in Sources */ = {isa = PBXBuildFile; fileRef = 4347350719E08DC0001DDE4D /* RUImageCompatability.m */; };
		4347359619E08DC0001DDE4D /* RUStringCompatability.m in Sources */ = {isa = PBXBuildFile; fileRef = 4347350919E08DC0001DDE4D /* RUStringCompatability.m */; };
		4347359719E08DC0001DDE4D /* RUClassOrNilUtil.m in Sources */ = {isa = PBXBuildFile; fileRef = 4347350B19E08DC0001DDE4D /* RUClassOrNilUtil.m */; };
		4347359819E08DC0001DDE4D /* RUKeyboardAdjustmentHelper.m in Sources */ = {isa = PBXBuildFile; fileRef = 4347351E19E08DC0001DDE4D /* RUKeyboardAdjustmentHelper.m */; };
		4347359919E08DC0001DDE4D /* RUAddressBookUtil.m in Sources */ = {isa = PBXBuildFile; fileRef = 4347352119E08DC0001DDE4D /* RUAddressBookUtil.m */; };
		4347359A19E08DC0001DDE4D /* RUAttributesDictionaryBuilder.m in Sources */ = {isa = PBXBuildFile; fileRef = 4347352319E08DC0001DDE4D /* RUAttributesDictionaryBuilder.m */; };
		4347359B19E08DC0001DDE4D /* RUDeallocHook.m in Sources */ = {isa = PBXBuildFile; fileRef = 4347352519E08DC0001DDE4D /* RUDeallocHook.m */; };
		4347359C19E08DC0001DDE4D /* RUOrderedMutableDictionary.m in Sources */ = {isa = PBXBuildFile; fileRef = 4347352719E08DC0001DDE4D /* RUOrderedMutableDictionary.m */; };
		4347359D19E08DC0001DDE4D /* RUGradientButton.m in Sources */ = {isa = PBXBuildFile; fileRef = 4347352B19E08DC0001DDE4D /* RUGradientButton.m */; };
		4347359E19E08DC0001DDE4D /* RUColorPickerCell.m in Sources */ = {isa = PBXBuildFile; fileRef = 4347352E19E08DC0001DDE4D /* RUColorPickerCell.m */; };
		4347359F19E08DC0001DDE4D /* RUColorPickerView.m in Sources */ = {isa = PBXBuildFile; fileRef = 4347353119E08DC0001DDE4D /* RUColorPickerView.m */; };
		434735A019E08DC0001DDE4D /* RUCornerRoundingBorderedView.m in Sources */ = {isa = PBXBuildFile; fileRef = 4347353519E08DC0001DDE4D /* RUCornerRoundingBorderedView.m */; };
		434735A119E08DC0001DDE4D /* RUCrossView.m in Sources */ = {isa = PBXBuildFile; fileRef = 4347353819E08DC0001DDE4D /* RUCrossView.m */; };
		434735A219E08DC0001DDE4D /* RUTriangle.m in Sources */ = {isa = PBXBuildFile; fileRef = 4347353A19E08DC0001DDE4D /* RUTriangle.m */; };
		434735A319E08DC0001DDE4D /* RUGradientView.m in Sources */ = {isa = PBXBuildFile; fileRef = 4347353D19E08DC0001DDE4D /* RUGradientView.m */; };
		434735A419E08DC0001DDE4D /* RUHorizontalPagingView.m in Sources */ = {isa = PBXBuildFile; fileRef = 4347354019E08DC0001DDE4D /* RUHorizontalPagingView.m */; };
		434735A519E08DC0001DDE4D /* RUHorizontalTitlePagingView.m in Sources */ = {isa = PBXBuildFile; fileRef = 4347354419E08DC0001DDE4D /* RUHorizontalTitlePagingView.m */; };
		434735A619E08DC0001DDE4D /* RUHorizontalTitlePagingViewCollectionViewCell.m in Sources */ = {isa = PBXBuildFile; fileRef = 4347354619E08DC0001DDE4D /* RUHorizontalTitlePagingViewCollectionViewCell.m */; };
		434735A719E08DC0001DDE4D /* RUAsynchronousUIImageRequest.m in Sources */ = {isa = PBXBuildFile; fileRef = 4347354A19E08DC0001DDE4D /* RUAsynchronousUIImageRequest.m */; };
		434735A819E08DC0001DDE4D /* UIButton+RUAsynchronousImageFetching.m in Sources */ = {isa = PBXBuildFile; fileRef = 4347354F19E08DC0001DDE4D /* UIButton+RUAsynchronousImageFetching.m */; };
		434735A919E08DC0001DDE4D /* UIImageView+RUAsynchronousImageFetching.m in Sources */ = {isa = PBXBuildFile; fileRef = 4347355119E08DC0001DDE4D /* UIImageView+RUAsynchronousImageFetching.m */; };
		434735AA19E08DC0001DDE4D /* UIImageView+RUFacebookAsynchronousImageFetching.m in Sources */ = {isa = PBXBuildFile; fileRef = 4347355319E08DC0001DDE4D /* UIImageView+RUFacebookAsynchronousImageFetching.m */; };
		434735AB19E08DC0001DDE4D /* RUScrollWithKeyboardAdjustmentView.m in Sources */ = {isa = PBXBuildFile; fileRef = 4347355619E08DC0001DDE4D /* RUScrollWithKeyboardAdjustmentView.m */; };
		434735AC19E08DC0001DDE4D /* RUModalView.m in Sources */ = {isa = PBXBuildFile; fileRef = 4347355919E08DC0001DDE4D /* RUModalView.m */; };
		434735AD19E08DC0001DDE4D /* RUTopBottomBarModalView.m in Sources */ = {isa = PBXBuildFile; fileRef = 4347355B19E08DC0001DDE4D /* RUTopBottomBarModalView.m */; };
		434735AE19E08DC0001DDE4D /* RURadioButtonView.m in Sources */ = {isa = PBXBuildFile; fileRef = 4347355E19E08DC0001DDE4D /* RURadioButtonView.m */; };
		434735AF19E08DC0001DDE4D /* RUScrollView.m in Sources */ = {isa = PBXBuildFile; fileRef = 4347356219E08DC0001DDE4D /* RUScrollView.m */; };
		434735B019E08DC0001DDE4D /* RUTableView.m in Sources */ = {isa = PBXBuildFile; fileRef = 4347356519E08DC0001DDE4D /* RUTableView.m */; };
		434735B119E08DC0001DDE4D /* RUTextFieldCustomizablePlaceholder.m in Sources */ = {isa = PBXBuildFile; fileRef = 4347356819E08DC0001DDE4D /* RUTextFieldCustomizablePlaceholder.m */; };
		434735B219E08DC0001DDE4D /* RUAlertView.m in Sources */ = {isa = PBXBuildFile; fileRef = 4347356B19E08DC0001DDE4D /* RUAlertView.m */; };
		434735B519E08DD4001DDE4D /* RUScreenSizeToFloatConverter.m in Sources */ = {isa = PBXBuildFile; fileRef = 434735B419E08DD4001DDE4D /* RUScreenSizeToFloatConverter.m */; };
		434735EF19E254E2001DDE4D /* RUViewStack.m in Sources */ = {isa = PBXBuildFile; fileRef = 434735EE19E254E2001DDE4D /* RUViewStack.m */; };
/* End PBXBuildFile section */

/* Begin PBXContainerItemProxy section */
		430C9CCC1868D80B002AEB0B /* PBXContainerItemProxy */ = {
			isa = PBXContainerItemProxy;
			containerPortal = 430C9CA41868D80B002AEB0B /* Project object */;
			proxyType = 1;
			remoteGlobalIDString = 430C9CAB1868D80B002AEB0B;
			remoteInfo = ResplendentUtilities;
		};
/* End PBXContainerItemProxy section */

/* Begin PBXFileReference section */
		430C9CAC1868D80B002AEB0B /* ResplendentUtilities.app */ = {isa = PBXFileReference; explicitFileType = wrapper.application; includeInIndex = 0; path = ResplendentUtilities.app; sourceTree = BUILT_PRODUCTS_DIR; };
		430C9CAF1868D80B002AEB0B /* Foundation.framework */ = {isa = PBXFileReference; lastKnownFileType = wrapper.framework; name = Foundation.framework; path = System/Library/Frameworks/Foundation.framework; sourceTree = SDKROOT; };
		430C9CB11868D80B002AEB0B /* CoreGraphics.framework */ = {isa = PBXFileReference; lastKnownFileType = wrapper.framework; name = CoreGraphics.framework; path = System/Library/Frameworks/CoreGraphics.framework; sourceTree = SDKROOT; };
		430C9CB31868D80B002AEB0B /* UIKit.framework */ = {isa = PBXFileReference; lastKnownFileType = wrapper.framework; name = UIKit.framework; path = System/Library/Frameworks/UIKit.framework; sourceTree = SDKROOT; };
		430C9CB71868D80B002AEB0B /* ResplendentUtilities-Info.plist */ = {isa = PBXFileReference; lastKnownFileType = text.plist.xml; path = "ResplendentUtilities-Info.plist"; sourceTree = "<group>"; };
		430C9CB91868D80B002AEB0B /* en */ = {isa = PBXFileReference; lastKnownFileType = text.plist.strings; name = en; path = en.lproj/InfoPlist.strings; sourceTree = "<group>"; };
		430C9CBB1868D80B002AEB0B /* main.m */ = {isa = PBXFileReference; lastKnownFileType = sourcecode.c.objc; path = main.m; sourceTree = "<group>"; };
		430C9CBD1868D80B002AEB0B /* ResplendentUtilities-Prefix.pch */ = {isa = PBXFileReference; lastKnownFileType = sourcecode.c.h; path = "ResplendentUtilities-Prefix.pch"; sourceTree = "<group>"; };
		430C9CBE1868D80B002AEB0B /* RUAppDelegate.h */ = {isa = PBXFileReference; lastKnownFileType = sourcecode.c.h; path = RUAppDelegate.h; sourceTree = "<group>"; };
		430C9CBF1868D80B002AEB0B /* RUAppDelegate.m */ = {isa = PBXFileReference; lastKnownFileType = sourcecode.c.objc; path = RUAppDelegate.m; sourceTree = "<group>"; };
		430C9CC11868D80B002AEB0B /* Images.xcassets */ = {isa = PBXFileReference; lastKnownFileType = folder.assetcatalog; path = Images.xcassets; sourceTree = "<group>"; };
		430C9CC71868D80B002AEB0B /* ResplendentUtilitiesTests.xctest */ = {isa = PBXFileReference; explicitFileType = wrapper.cfbundle; includeInIndex = 0; path = ResplendentUtilitiesTests.xctest; sourceTree = BUILT_PRODUCTS_DIR; };
		430C9CC81868D80B002AEB0B /* XCTest.framework */ = {isa = PBXFileReference; lastKnownFileType = wrapper.framework; name = XCTest.framework; path = Library/Frameworks/XCTest.framework; sourceTree = DEVELOPER_DIR; };
		430C9CD01868D80B002AEB0B /* ResplendentUtilitiesTests-Info.plist */ = {isa = PBXFileReference; lastKnownFileType = text.plist.xml; path = "ResplendentUtilitiesTests-Info.plist"; sourceTree = "<group>"; };
		430C9CD21868D80B002AEB0B /* en */ = {isa = PBXFileReference; lastKnownFileType = text.plist.strings; name = en; path = en.lproj/InfoPlist.strings; sourceTree = "<group>"; };
		430C9CD41868D80B002AEB0B /* ResplendentUtilitiesTests.m */ = {isa = PBXFileReference; lastKnownFileType = sourcecode.c.objc; path = ResplendentUtilitiesTests.m; sourceTree = "<group>"; };
		434734A819E08DC0001DDE4D /* CALayer+RUMask.h */ = {isa = PBXFileReference; fileEncoding = 4; lastKnownFileType = sourcecode.c.h; path = "CALayer+RUMask.h"; sourceTree = "<group>"; };
		434734A919E08DC0001DDE4D /* CALayer+RUMask.m */ = {isa = PBXFileReference; fileEncoding = 4; lastKnownFileType = sourcecode.c.objc; path = "CALayer+RUMask.m"; sourceTree = "<group>"; };
		434734AA19E08DC0001DDE4D /* CAShapeLayer+RUMessageBox.h */ = {isa = PBXFileReference; fileEncoding = 4; lastKnownFileType = sourcecode.c.h; path = "CAShapeLayer+RUMessageBox.h"; sourceTree = "<group>"; };
		434734AB19E08DC0001DDE4D /* CAShapeLayer+RUMessageBox.m */ = {isa = PBXFileReference; fileEncoding = 4; lastKnownFileType = sourcecode.c.objc; path = "CAShapeLayer+RUMessageBox.m"; sourceTree = "<group>"; };
		434734AC19E08DC0001DDE4D /* NSBundle+RUPListGetters.h */ = {isa = PBXFileReference; fileEncoding = 4; lastKnownFileType = sourcecode.c.h; path = "NSBundle+RUPListGetters.h"; sourceTree = "<group>"; };
		434734AD19E08DC0001DDE4D /* NSBundle+RUPListGetters.m */ = {isa = PBXFileReference; fileEncoding = 4; lastKnownFileType = sourcecode.c.objc; path = "NSBundle+RUPListGetters.m"; sourceTree = "<group>"; };
		434734AE19E08DC0001DDE4D /* NSDate+RUUtility.h */ = {isa = PBXFileReference; fileEncoding = 4; lastKnownFileType = sourcecode.c.h; path = "NSDate+RUUtility.h"; sourceTree = "<group>"; };
		434734AF19E08DC0001DDE4D /* NSDate+RUUtility.m */ = {isa = PBXFileReference; fileEncoding = 4; lastKnownFileType = sourcecode.c.objc; path = "NSDate+RUUtility.m"; sourceTree = "<group>"; };
		434734B019E08DC0001DDE4D /* NSDictionary+RUFBUserResponseObject.h */ = {isa = PBXFileReference; fileEncoding = 4; lastKnownFileType = sourcecode.c.h; path = "NSDictionary+RUFBUserResponseObject.h"; sourceTree = "<group>"; };
		434734B119E08DC0001DDE4D /* NSDictionary+RUFBUserResponseObject.m */ = {isa = PBXFileReference; fileEncoding = 4; lastKnownFileType = sourcecode.c.objc; path = "NSDictionary+RUFBUserResponseObject.m"; sourceTree = "<group>"; };
		434734B219E08DC0001DDE4D /* NSManagedObject+RUUtility.h */ = {isa = PBXFileReference; fileEncoding = 4; lastKnownFileType = sourcecode.c.h; path = "NSManagedObject+RUUtility.h"; sourceTree = "<group>"; };
		434734B319E08DC0001DDE4D /* NSManagedObject+RUUtility.m */ = {isa = PBXFileReference; fileEncoding = 4; lastKnownFileType = sourcecode.c.objc; path = "NSManagedObject+RUUtility.m"; sourceTree = "<group>"; };
		434734B419E08DC0001DDE4D /* NSMutableDictionary+RUUtil.h */ = {isa = PBXFileReference; fileEncoding = 4; lastKnownFileType = sourcecode.c.h; path = "NSMutableDictionary+RUUtil.h"; sourceTree = "<group>"; };
		434734B519E08DC0001DDE4D /* NSMutableDictionary+RUUtil.m */ = {isa = PBXFileReference; fileEncoding = 4; lastKnownFileType = sourcecode.c.objc; path = "NSMutableDictionary+RUUtil.m"; sourceTree = "<group>"; };
		434734B619E08DC0001DDE4D /* NSNumber+RUUtil.h */ = {isa = PBXFileReference; fileEncoding = 4; lastKnownFileType = sourcecode.c.h; path = "NSNumber+RUUtil.h"; sourceTree = "<group>"; };
		434734B719E08DC0001DDE4D /* NSNumber+RUUtil.m */ = {isa = PBXFileReference; fileEncoding = 4; lastKnownFileType = sourcecode.c.objc; path = "NSNumber+RUUtil.m"; sourceTree = "<group>"; };
		434734B919E08DC0001DDE4D /* NSString+MKCoordinateRegion.h */ = {isa = PBXFileReference; fileEncoding = 4; lastKnownFileType = sourcecode.c.h; path = "NSString+MKCoordinateRegion.h"; sourceTree = "<group>"; };
		434734BA19E08DC0001DDE4D /* NSString+MKCoordinateRegion.m */ = {isa = PBXFileReference; fileEncoding = 4; lastKnownFileType = sourcecode.c.objc; path = "NSString+MKCoordinateRegion.m"; sourceTree = "<group>"; };
		434734BB19E08DC0001DDE4D /* NSString+RUMutableURLRequest.h */ = {isa = PBXFileReference; fileEncoding = 4; lastKnownFileType = sourcecode.c.h; path = "NSString+RUMutableURLRequest.h"; sourceTree = "<group>"; };
		434734BC19E08DC0001DDE4D /* NSString+RUMutableURLRequest.m */ = {isa = PBXFileReference; fileEncoding = 4; lastKnownFileType = sourcecode.c.objc; path = "NSString+RUMutableURLRequest.m"; sourceTree = "<group>"; };
		434734BD19E08DC0001DDE4D /* NSString+RUStringContainsUtil.h */ = {isa = PBXFileReference; fileEncoding = 4; lastKnownFileType = sourcecode.c.h; path = "NSString+RUStringContainsUtil.h"; sourceTree = "<group>"; };
		434734BE19E08DC0001DDE4D /* NSString+RUStringContainsUtil.m */ = {isa = PBXFileReference; fileEncoding = 4; lastKnownFileType = sourcecode.c.objc; path = "NSString+RUStringContainsUtil.m"; sourceTree = "<group>"; };
		434734BF19E08DC0001DDE4D /* NSString+RUTextSize.h */ = {isa = PBXFileReference; fileEncoding = 4; lastKnownFileType = sourcecode.c.h; path = "NSString+RUTextSize.h"; sourceTree = "<group>"; };
		434734C019E08DC0001DDE4D /* NSString+RUTextSize.m */ = {isa = PBXFileReference; fileEncoding = 4; lastKnownFileType = sourcecode.c.objc; path = "NSString+RUTextSize.m"; sourceTree = "<group>"; };
		434734C119E08DC0001DDE4D /* NSString+RUURLParams.h */ = {isa = PBXFileReference; fileEncoding = 4; lastKnownFileType = sourcecode.c.h; path = "NSString+RUURLParams.h"; sourceTree = "<group>"; };
		434734C219E08DC0001DDE4D /* NSString+RUURLParams.m */ = {isa = PBXFileReference; fileEncoding = 4; lastKnownFileType = sourcecode.c.objc; path = "NSString+RUURLParams.m"; sourceTree = "<group>"; };
		434734C319E08DC0001DDE4D /* NSString+RUUtil.h */ = {isa = PBXFileReference; fileEncoding = 4; lastKnownFileType = sourcecode.c.h; path = "NSString+RUUtil.h"; sourceTree = "<group>"; };
		434734C419E08DC0001DDE4D /* NSString+RUUtil.m */ = {isa = PBXFileReference; fileEncoding = 4; lastKnownFileType = sourcecode.c.objc; path = "NSString+RUUtil.m"; sourceTree = "<group>"; };
		434734C519E08DC0001DDE4D /* UIActionSheet+RUShowUtil.h */ = {isa = PBXFileReference; fileEncoding = 4; lastKnownFileType = sourcecode.c.h; path = "UIActionSheet+RUShowUtil.h"; sourceTree = "<group>"; };
		434734C619E08DC0001DDE4D /* UIActionSheet+RUShowUtil.m */ = {isa = PBXFileReference; fileEncoding = 4; lastKnownFileType = sourcecode.c.objc; path = "UIActionSheet+RUShowUtil.m"; sourceTree = "<group>"; };
		434734C719E08DC0001DDE4D /* UIAlertView+RUShowUtil.h */ = {isa = PBXFileReference; fileEncoding = 4; lastKnownFileType = sourcecode.c.h; path = "UIAlertView+RUShowUtil.h"; sourceTree = "<group>"; };
		434734C819E08DC0001DDE4D /* UIAlertView+RUShowUtil.m */ = {isa = PBXFileReference; fileEncoding = 4; lastKnownFileType = sourcecode.c.objc; path = "UIAlertView+RUShowUtil.m"; sourceTree = "<group>"; };
		434734C919E08DC0001DDE4D /* UIButton+RUTextSize.h */ = {isa = PBXFileReference; fileEncoding = 4; lastKnownFileType = sourcecode.c.h; path = "UIButton+RUTextSize.h"; sourceTree = "<group>"; };
		434734CA19E08DC0001DDE4D /* UIButton+RUTextSize.m */ = {isa = PBXFileReference; fileEncoding = 4; lastKnownFileType = sourcecode.c.objc; path = "UIButton+RUTextSize.m"; sourceTree = "<group>"; };
		434734CC19E08DC0001DDE4D /* UIColor+RUHexString.h */ = {isa = PBXFileReference; fileEncoding = 4; lastKnownFileType = sourcecode.c.h; path = "UIColor+RUHexString.h"; sourceTree = "<group>"; };
		434734CD19E08DC0001DDE4D /* UIColor+RUHexString.m */ = {isa = PBXFileReference; fileEncoding = 4; lastKnownFileType = sourcecode.c.objc; path = "UIColor+RUHexString.m"; sourceTree = "<group>"; };
		434734CE19E08DC0001DDE4D /* UIColor+RUUtility.h */ = {isa = PBXFileReference; fileEncoding = 4; lastKnownFileType = sourcecode.c.h; path = "UIColor+RUUtility.h"; sourceTree = "<group>"; };
		434734CF19E08DC0001DDE4D /* UIColor+RUUtility.m */ = {isa = PBXFileReference; fileEncoding = 4; lastKnownFileType = sourcecode.c.objc; path = "UIColor+RUUtility.m"; sourceTree = "<group>"; };
		434734D019E08DC0001DDE4D /* UIFont+RUConstants.h */ = {isa = PBXFileReference; fileEncoding = 4; lastKnownFileType = sourcecode.c.h; path = "UIFont+RUConstants.h"; sourceTree = "<group>"; };
		434734D119E08DC0001DDE4D /* UIFont+RUConstants.m */ = {isa = PBXFileReference; fileEncoding = 4; lastKnownFileType = sourcecode.c.objc; path = "UIFont+RUConstants.m"; sourceTree = "<group>"; };
		434734D319E08DC0001DDE4D /* UIImage+Resizing.h */ = {isa = PBXFileReference; fileEncoding = 4; lastKnownFileType = sourcecode.c.h; path = "UIImage+Resizing.h"; sourceTree = "<group>"; };
		434734D419E08DC0001DDE4D /* UIImage+Resizing.m */ = {isa = PBXFileReference; fileEncoding = 4; lastKnownFileType = sourcecode.c.objc; path = "UIImage+Resizing.m"; sourceTree = "<group>"; };
		434734D519E08DC0001DDE4D /* UIImage+Rotation.h */ = {isa = PBXFileReference; fileEncoding = 4; lastKnownFileType = sourcecode.c.h; path = "UIImage+Rotation.h"; sourceTree = "<group>"; };
		434734D619E08DC0001DDE4D /* UIImage+Rotation.m */ = {isa = PBXFileReference; fileEncoding = 4; lastKnownFileType = sourcecode.c.objc; path = "UIImage+Rotation.m"; sourceTree = "<group>"; };
		434734D719E08DC0001DDE4D /* UIImage+RUDebug.h */ = {isa = PBXFileReference; fileEncoding = 4; lastKnownFileType = sourcecode.c.h; path = "UIImage+RUDebug.h"; sourceTree = "<group>"; };
		434734D819E08DC0001DDE4D /* UIImage+RUDebug.m */ = {isa = PBXFileReference; fileEncoding = 4; lastKnownFileType = sourcecode.c.objc; path = "UIImage+RUDebug.m"; sourceTree = "<group>"; };
		434734D919E08DC0001DDE4D /* UIImage+RUImageColorMasking.h */ = {isa = PBXFileReference; fileEncoding = 4; lastKnownFileType = sourcecode.c.h; path = "UIImage+RUImageColorMasking.h"; sourceTree = "<group>"; };
		434734DA19E08DC0001DDE4D /* UIImage+RUImageColorMasking.m */ = {isa = PBXFileReference; fileEncoding = 4; lastKnownFileType = sourcecode.c.objc; path = "UIImage+RUImageColorMasking.m"; sourceTree = "<group>"; };
		434734DB19E08DC0001DDE4D /* UIView+RUSnapshot.h */ = {isa = PBXFileReference; fileEncoding = 4; lastKnownFileType = sourcecode.c.h; path = "UIView+RUSnapshot.h"; sourceTree = "<group>"; };
		434734DC19E08DC0001DDE4D /* UIView+RUSnapshot.m */ = {isa = PBXFileReference; fileEncoding = 4; lastKnownFileType = sourcecode.c.objc; path = "UIView+RUSnapshot.m"; sourceTree = "<group>"; };
		434734DE19E08DC0001DDE4D /* UILabel+RUAttributes.h */ = {isa = PBXFileReference; fileEncoding = 4; lastKnownFileType = sourcecode.c.h; path = "UILabel+RUAttributes.h"; sourceTree = "<group>"; };
		434734DF19E08DC0001DDE4D /* UILabel+RUAttributes.m */ = {isa = PBXFileReference; fileEncoding = 4; lastKnownFileType = sourcecode.c.objc; path = "UILabel+RUAttributes.m"; sourceTree = "<group>"; };
		434734E019E08DC0001DDE4D /* UILabel+RUTextSize.h */ = {isa = PBXFileReference; fileEncoding = 4; lastKnownFileType = sourcecode.c.h; path = "UILabel+RUTextSize.h"; sourceTree = "<group>"; };
		434734E119E08DC0001DDE4D /* UILabel+RUTextSize.m */ = {isa = PBXFileReference; fileEncoding = 4; lastKnownFileType = sourcecode.c.objc; path = "UILabel+RUTextSize.m"; sourceTree = "<group>"; };
		434734E219E08DC0001DDE4D /* UITextField+RUAttributes.h */ = {isa = PBXFileReference; fileEncoding = 4; lastKnownFileType = sourcecode.c.h; path = "UITextField+RUAttributes.h"; sourceTree = "<group>"; };
		434734E319E08DC0001DDE4D /* UITextField+RUAttributes.m */ = {isa = PBXFileReference; fileEncoding = 4; lastKnownFileType = sourcecode.c.objc; path = "UITextField+RUAttributes.m"; sourceTree = "<group>"; };
		434734E519E08DC0001DDE4D /* UIView+CoreGraphics.h */ = {isa = PBXFileReference; fileEncoding = 4; lastKnownFileType = sourcecode.c.h; path = "UIView+CoreGraphics.h"; sourceTree = "<group>"; };
		434734E619E08DC0001DDE4D /* UIView+CoreGraphics.m */ = {isa = PBXFileReference; fileEncoding = 4; lastKnownFileType = sourcecode.c.objc; path = "UIView+CoreGraphics.m"; sourceTree = "<group>"; };
		434734E719E08DC0001DDE4D /* UIView+RUCancelControlTracking.h */ = {isa = PBXFileReference; fileEncoding = 4; lastKnownFileType = sourcecode.c.h; path = "UIView+RUCancelControlTracking.h"; sourceTree = "<group>"; };
		434734E819E08DC0001DDE4D /* UIView+RUCancelControlTracking.m */ = {isa = PBXFileReference; fileEncoding = 4; lastKnownFileType = sourcecode.c.objc; path = "UIView+RUCancelControlTracking.m"; sourceTree = "<group>"; };
		434734E919E08DC0001DDE4D /* UIView+RUDrawHole.h */ = {isa = PBXFileReference; fileEncoding = 4; lastKnownFileType = sourcecode.c.h; path = "UIView+RUDrawHole.h"; sourceTree = "<group>"; };
		434734EA19E08DC0001DDE4D /* UIView+RUDrawHole.m */ = {isa = PBXFileReference; fileEncoding = 4; lastKnownFileType = sourcecode.c.objc; path = "UIView+RUDrawHole.m"; sourceTree = "<group>"; };
		434734EB19E08DC0001DDE4D /* UIView+RUEnableTapToResignFirstResponder.h */ = {isa = PBXFileReference; fileEncoding = 4; lastKnownFileType = sourcecode.c.h; path = "UIView+RUEnableTapToResignFirstResponder.h"; sourceTree = "<group>"; };
		434734EC19E08DC0001DDE4D /* UIView+RUEnableTapToResignFirstResponder.m */ = {isa = PBXFileReference; fileEncoding = 4; lastKnownFileType = sourcecode.c.objc; path = "UIView+RUEnableTapToResignFirstResponder.m"; sourceTree = "<group>"; };
		434734ED19E08DC0001DDE4D /* UIView+RUMaskRoundCorners.h */ = {isa = PBXFileReference; fileEncoding = 4; lastKnownFileType = sourcecode.c.h; path = "UIView+RUMaskRoundCorners.h"; sourceTree = "<group>"; };
		434734EE19E08DC0001DDE4D /* UIView+RUMaskRoundCorners.m */ = {isa = PBXFileReference; fileEncoding = 4; lastKnownFileType = sourcecode.c.objc; path = "UIView+RUMaskRoundCorners.m"; sourceTree = "<group>"; };
		434734EF19E08DC0001DDE4D /* UIView+RUSpinner.h */ = {isa = PBXFileReference; fileEncoding = 4; lastKnownFileType = sourcecode.c.h; path = "UIView+RUSpinner.h"; sourceTree = "<group>"; };
		434734F019E08DC0001DDE4D /* UIView+RUSpinner.m */ = {isa = PBXFileReference; fileEncoding = 4; lastKnownFileType = sourcecode.c.objc; path = "UIView+RUSpinner.m"; sourceTree = "<group>"; };
		434734F119E08DC0001DDE4D /* UIView+RUSubviews.h */ = {isa = PBXFileReference; fileEncoding = 4; lastKnownFileType = sourcecode.c.h; path = "UIView+RUSubviews.h"; sourceTree = "<group>"; };
		434734F219E08DC0001DDE4D /* UIView+RUSubviews.m */ = {isa = PBXFileReference; fileEncoding = 4; lastKnownFileType = sourcecode.c.objc; path = "UIView+RUSubviews.m"; sourceTree = "<group>"; };
		434734F319E08DC0001DDE4D /* UIView+RUUtility.h */ = {isa = PBXFileReference; fileEncoding = 4; lastKnownFileType = sourcecode.c.h; path = "UIView+RUUtility.h"; sourceTree = "<group>"; };
		434734F419E08DC0001DDE4D /* UIView+RUUtility.m */ = {isa = PBXFileReference; fileEncoding = 4; lastKnownFileType = sourcecode.c.objc; path = "UIView+RUUtility.m"; sourceTree = "<group>"; };
		434734F519E08DC0001DDE4D /* UIView+RUViewHierarchyUtility.h */ = {isa = PBXFileReference; fileEncoding = 4; lastKnownFileType = sourcecode.c.h; path = "UIView+RUViewHierarchyUtility.h"; sourceTree = "<group>"; };
		434734F619E08DC0001DDE4D /* UIView+RUViewHierarchyUtility.m */ = {isa = PBXFileReference; fileEncoding = 4; lastKnownFileType = sourcecode.c.objc; path = "UIView+RUViewHierarchyUtility.m"; sourceTree = "<group>"; };
		434734F819E08DC0001DDE4D /* RUScrollToTopManager.h */ = {isa = PBXFileReference; fileEncoding = 4; lastKnownFileType = sourcecode.c.h; path = RUScrollToTopManager.h; sourceTree = "<group>"; };
		434734F919E08DC0001DDE4D /* RUScrollToTopManager.m */ = {isa = PBXFileReference; fileEncoding = 4; lastKnownFileType = sourcecode.c.objc; path = RUScrollToTopManager.m; sourceTree = "<group>"; };
		434734FB19E08DC0001DDE4D /* RUFullscreenRotatingView.h */ = {isa = PBXFileReference; fileEncoding = 4; lastKnownFileType = sourcecode.c.h; path = RUFullscreenRotatingView.h; sourceTree = "<group>"; };
		434734FC19E08DC0001DDE4D /* RUFullscreenRotatingView.m */ = {isa = PBXFileReference; fileEncoding = 4; lastKnownFileType = sourcecode.c.objc; path = RUFullscreenRotatingView.m; sourceTree = "<group>"; };
		434734FD19E08DC0001DDE4D /* RUFullscreenRotatingViewProtocols.h */ = {isa = PBXFileReference; fileEncoding = 4; lastKnownFileType = sourcecode.c.h; path = RUFullscreenRotatingViewProtocols.h; sourceTree = "<group>"; };
		434734FE19E08DC0001DDE4D /* RUImageViewFullscreenRotatingView.h */ = {isa = PBXFileReference; fileEncoding = 4; lastKnownFileType = sourcecode.c.h; path = RUImageViewFullscreenRotatingView.h; sourceTree = "<group>"; };
		434734FF19E08DC0001DDE4D /* RUImageViewFullscreenRotatingView.m */ = {isa = PBXFileReference; fileEncoding = 4; lastKnownFileType = sourcecode.c.objc; path = RUImageViewFullscreenRotatingView.m; sourceTree = "<group>"; };
		4347350119E08DC0001DDE4D /* RUActionSheetManagement.h */ = {isa = PBXFileReference; fileEncoding = 4; lastKnownFileType = sourcecode.c.h; path = RUActionSheetManagement.h; sourceTree = "<group>"; };
		4347350419E08DC0001DDE4D /* RUCompatability.h */ = {isa = PBXFileReference; fileEncoding = 4; lastKnownFileType = sourcecode.c.h; path = RUCompatability.h; sourceTree = "<group>"; };
		4347350519E08DC0001DDE4D /* RUCompatability.m */ = {isa = PBXFileReference; fileEncoding = 4; lastKnownFileType = sourcecode.c.objc; path = RUCompatability.m; sourceTree = "<group>"; };
		4347350619E08DC0001DDE4D /* RUImageCompatability.h */ = {isa = PBXFileReference; fileEncoding = 4; lastKnownFileType = sourcecode.c.h; path = RUImageCompatability.h; sourceTree = "<group>"; };
		4347350719E08DC0001DDE4D /* RUImageCompatability.m */ = {isa = PBXFileReference; fileEncoding = 4; lastKnownFileType = sourcecode.c.objc; path = RUImageCompatability.m; sourceTree = "<group>"; };
		4347350819E08DC0001DDE4D /* RUStringCompatability.h */ = {isa = PBXFileReference; fileEncoding = 4; lastKnownFileType = sourcecode.c.h; path = RUStringCompatability.h; sourceTree = "<group>"; };
		4347350919E08DC0001DDE4D /* RUStringCompatability.m */ = {isa = PBXFileReference; fileEncoding = 4; lastKnownFileType = sourcecode.c.objc; path = RUStringCompatability.m; sourceTree = "<group>"; };
		4347350A19E08DC0001DDE4D /* RUClassOrNilUtil.h */ = {isa = PBXFileReference; fileEncoding = 4; lastKnownFileType = sourcecode.c.h; path = RUClassOrNilUtil.h; sourceTree = "<group>"; };
		4347350B19E08DC0001DDE4D /* RUClassOrNilUtil.m */ = {isa = PBXFileReference; fileEncoding = 4; lastKnownFileType = sourcecode.c.objc; path = RUClassOrNilUtil.m; sourceTree = "<group>"; };
		4347350C19E08DC0001DDE4D /* RUConditionalReturn.h */ = {isa = PBXFileReference; fileEncoding = 4; lastKnownFileType = sourcecode.c.h; path = RUConditionalReturn.h; sourceTree = "<group>"; };
		4347350D19E08DC0001DDE4D /* RUConstants.h */ = {isa = PBXFileReference; fileEncoding = 4; lastKnownFileType = sourcecode.c.h; path = RUConstants.h; sourceTree = "<group>"; };
		4347350E19E08DC0001DDE4D /* RUCreateDestroyViewSynthesization.h */ = {isa = PBXFileReference; fileEncoding = 4; lastKnownFileType = sourcecode.c.h; path = RUCreateDestroyViewSynthesization.h; sourceTree = "<group>"; };
		4347350F19E08DC0001DDE4D /* RUDebug.h */ = {isa = PBXFileReference; fileEncoding = 4; lastKnownFileType = sourcecode.c.h; path = RUDebug.h; sourceTree = "<group>"; };
		4347351019E08DC0001DDE4D /* RUDebugging.h */ = {isa = PBXFileReference; fileEncoding = 4; lastKnownFileType = sourcecode.c.h; path = RUDebugging.h; sourceTree = "<group>"; };
		4347351119E08DC0001DDE4D /* RUDLog.h */ = {isa = PBXFileReference; fileEncoding = 4; lastKnownFileType = sourcecode.c.h; path = RUDLog.h; sourceTree = "<group>"; };
		4347351219E08DC0001DDE4D /* RUExceptions.h */ = {isa = PBXFileReference; fileEncoding = 4; lastKnownFileType = sourcecode.c.h; path = RUExceptions.h; sourceTree = "<group>"; };
		4347351319E08DC0001DDE4D /* RUNotifications.h */ = {isa = PBXFileReference; fileEncoding = 4; lastKnownFileType = sourcecode.c.h; path = RUNotifications.h; sourceTree = "<group>"; };
		4347351419E08DC0001DDE4D /* RUProtocolOrNil.h */ = {isa = PBXFileReference; fileEncoding = 4; lastKnownFileType = sourcecode.c.h; path = RUProtocolOrNil.h; sourceTree = "<group>"; };
		4347351519E08DC0001DDE4D /* RUShowViewUtil.h */ = {isa = PBXFileReference; fileEncoding = 4; lastKnownFileType = sourcecode.c.h; path = RUShowViewUtil.h; sourceTree = "<group>"; };
		4347351619E08DC0001DDE4D /* RUSingleton.h */ = {isa = PBXFileReference; fileEncoding = 4; lastKnownFileType = sourcecode.c.h; path = RUSingleton.h; sourceTree = "<group>"; };
		4347351719E08DC0001DDE4D /* RUStaticVariableSynthesization.h */ = {isa = PBXFileReference; fileEncoding = 4; lastKnownFileType = sourcecode.c.h; path = RUStaticVariableSynthesization.h; sourceTree = "<group>"; };
		4347351819E08DC0001DDE4D /* RUSynthesizeAssociatedObjects.h */ = {isa = PBXFileReference; fileEncoding = 4; lastKnownFileType = sourcecode.c.h; path = RUSynthesizeAssociatedObjects.h; sourceTree = "<group>"; };
		4347351919E08DC0001DDE4D /* RUSynthesizeUserDefaultMethods.h */ = {isa = PBXFileReference; fileEncoding = 4; lastKnownFileType = sourcecode.c.h; path = RUSynthesizeUserDefaultMethods.h; sourceTree = "<group>"; };
		4347351A19E08DC0001DDE4D /* RUSystemVersionUtils.h */ = {isa = PBXFileReference; fileEncoding = 4; lastKnownFileType = sourcecode.c.h; path = RUSystemVersionUtils.h; sourceTree = "<group>"; };
		4347351D19E08DC0001DDE4D /* RUKeyboardAdjustmentHelper.h */ = {isa = PBXFileReference; fileEncoding = 4; lastKnownFileType = sourcecode.c.h; path = RUKeyboardAdjustmentHelper.h; sourceTree = "<group>"; };
		4347351E19E08DC0001DDE4D /* RUKeyboardAdjustmentHelper.m */ = {isa = PBXFileReference; fileEncoding = 4; lastKnownFileType = sourcecode.c.objc; path = RUKeyboardAdjustmentHelper.m; sourceTree = "<group>"; };
		4347351F19E08DC0001DDE4D /* RUKeyboardAdjustmentHelperProtocols.h */ = {isa = PBXFileReference; fileEncoding = 4; lastKnownFileType = sourcecode.c.h; path = RUKeyboardAdjustmentHelperProtocols.h; sourceTree = "<group>"; };
		4347352019E08DC0001DDE4D /* RUAddressBookUtil.h */ = {isa = PBXFileReference; fileEncoding = 4; lastKnownFileType = sourcecode.c.h; path = RUAddressBookUtil.h; sourceTree = "<group>"; };
		4347352119E08DC0001DDE4D /* RUAddressBookUtil.m */ = {isa = PBXFileReference; fileEncoding = 4; lastKnownFileType = sourcecode.c.objc; path = RUAddressBookUtil.m; sourceTree = "<group>"; };
		4347352219E08DC0001DDE4D /* RUAttributesDictionaryBuilder.h */ = {isa = PBXFileReference; fileEncoding = 4; lastKnownFileType = sourcecode.c.h; path = RUAttributesDictionaryBuilder.h; sourceTree = "<group>"; };
		4347352319E08DC0001DDE4D /* RUAttributesDictionaryBuilder.m */ = {isa = PBXFileReference; fileEncoding = 4; lastKnownFileType = sourcecode.c.objc; path = RUAttributesDictionaryBuilder.m; sourceTree = "<group>"; };
		4347352419E08DC0001DDE4D /* RUDeallocHook.h */ = {isa = PBXFileReference; fileEncoding = 4; lastKnownFileType = sourcecode.c.h; path = RUDeallocHook.h; sourceTree = "<group>"; };
		4347352519E08DC0001DDE4D /* RUDeallocHook.m */ = {isa = PBXFileReference; fileEncoding = 4; lastKnownFileType = sourcecode.c.objc; path = RUDeallocHook.m; sourceTree = "<group>"; };
		4347352619E08DC0001DDE4D /* RUOrderedMutableDictionary.h */ = {isa = PBXFileReference; fileEncoding = 4; lastKnownFileType = sourcecode.c.h; path = RUOrderedMutableDictionary.h; sourceTree = "<group>"; };
		4347352719E08DC0001DDE4D /* RUOrderedMutableDictionary.m */ = {isa = PBXFileReference; fileEncoding = 4; lastKnownFileType = sourcecode.c.objc; path = RUOrderedMutableDictionary.m; sourceTree = "<group>"; };
		4347352A19E08DC0001DDE4D /* RUGradientButton.h */ = {isa = PBXFileReference; fileEncoding = 4; lastKnownFileType = sourcecode.c.h; path = RUGradientButton.h; sourceTree = "<group>"; };
		4347352B19E08DC0001DDE4D /* RUGradientButton.m */ = {isa = PBXFileReference; fileEncoding = 4; lastKnownFileType = sourcecode.c.objc; path = RUGradientButton.m; sourceTree = "<group>"; };
		4347352D19E08DC0001DDE4D /* RUColorPickerCell.h */ = {isa = PBXFileReference; fileEncoding = 4; lastKnownFileType = sourcecode.c.h; path = RUColorPickerCell.h; sourceTree = "<group>"; };
		4347352E19E08DC0001DDE4D /* RUColorPickerCell.m */ = {isa = PBXFileReference; fileEncoding = 4; lastKnownFileType = sourcecode.c.objc; path = RUColorPickerCell.m; sourceTree = "<group>"; };
		4347352F19E08DC0001DDE4D /* RUColorPickerCellUtil.h */ = {isa = PBXFileReference; fileEncoding = 4; lastKnownFileType = sourcecode.c.h; path = RUColorPickerCellUtil.h; sourceTree = "<group>"; };
		4347353019E08DC0001DDE4D /* RUColorPickerView.h */ = {isa = PBXFileReference; fileEncoding = 4; lastKnownFileType = sourcecode.c.h; path = RUColorPickerView.h; sourceTree = "<group>"; };
		4347353119E08DC0001DDE4D /* RUColorPickerView.m */ = {isa = PBXFileReference; fileEncoding = 4; lastKnownFileType = sourcecode.c.objc; path = RUColorPickerView.m; sourceTree = "<group>"; };
		4347353219E08DC0001DDE4D /* RUColorPickerViewProtocols.h */ = {isa = PBXFileReference; fileEncoding = 4; lastKnownFileType = sourcecode.c.h; path = RUColorPickerViewProtocols.h; sourceTree = "<group>"; };
		4347353419E08DC0001DDE4D /* RUCornerRoundingBorderedView.h */ = {isa = PBXFileReference; fileEncoding = 4; lastKnownFileType = sourcecode.c.h; path = RUCornerRoundingBorderedView.h; sourceTree = "<group>"; };
		4347353519E08DC0001DDE4D /* RUCornerRoundingBorderedView.m */ = {isa = PBXFileReference; fileEncoding = 4; lastKnownFileType = sourcecode.c.objc; path = RUCornerRoundingBorderedView.m; sourceTree = "<group>"; };
		4347353719E08DC0001DDE4D /* RUCrossView.h */ = {isa = PBXFileReference; fileEncoding = 4; lastKnownFileType = sourcecode.c.h; path = RUCrossView.h; sourceTree = "<group>"; };
		4347353819E08DC0001DDE4D /* RUCrossView.m */ = {isa = PBXFileReference; fileEncoding = 4; lastKnownFileType = sourcecode.c.objc; path = RUCrossView.m; sourceTree = "<group>"; };
		4347353919E08DC0001DDE4D /* RUTriangle.h */ = {isa = PBXFileReference; fileEncoding = 4; lastKnownFileType = sourcecode.c.h; path = RUTriangle.h; sourceTree = "<group>"; };
		4347353A19E08DC0001DDE4D /* RUTriangle.m */ = {isa = PBXFileReference; fileEncoding = 4; lastKnownFileType = sourcecode.c.objc; path = RUTriangle.m; sourceTree = "<group>"; };
		4347353C19E08DC0001DDE4D /* RUGradientView.h */ = {isa = PBXFileReference; fileEncoding = 4; lastKnownFileType = sourcecode.c.h; path = RUGradientView.h; sourceTree = "<group>"; };
		4347353D19E08DC0001DDE4D /* RUGradientView.m */ = {isa = PBXFileReference; fileEncoding = 4; lastKnownFileType = sourcecode.c.objc; path = RUGradientView.m; sourceTree = "<group>"; };
		4347353F19E08DC0001DDE4D /* RUHorizontalPagingView.h */ = {isa = PBXFileReference; fileEncoding = 4; lastKnownFileType = sourcecode.c.h; path = RUHorizontalPagingView.h; sourceTree = "<group>"; };
		4347354019E08DC0001DDE4D /* RUHorizontalPagingView.m */ = {isa = PBXFileReference; fileEncoding = 4; lastKnownFileType = sourcecode.c.objc; path = RUHorizontalPagingView.m; sourceTree = "<group>"; };
		4347354119E08DC0001DDE4D /* RUHorizontalPagingViewProtocols.h */ = {isa = PBXFileReference; fileEncoding = 4; lastKnownFileType = sourcecode.c.h; path = RUHorizontalPagingViewProtocols.h; sourceTree = "<group>"; };
		4347354319E08DC0001DDE4D /* RUHorizontalTitlePagingView.h */ = {isa = PBXFileReference; fileEncoding = 4; lastKnownFileType = sourcecode.c.h; path = RUHorizontalTitlePagingView.h; sourceTree = "<group>"; };
		4347354419E08DC0001DDE4D /* RUHorizontalTitlePagingView.m */ = {isa = PBXFileReference; fileEncoding = 4; lastKnownFileType = sourcecode.c.objc; path = RUHorizontalTitlePagingView.m; sourceTree = "<group>"; };
		4347354519E08DC0001DDE4D /* RUHorizontalTitlePagingViewCollectionViewCell.h */ = {isa = PBXFileReference; fileEncoding = 4; lastKnownFileType = sourcecode.c.h; path = RUHorizontalTitlePagingViewCollectionViewCell.h; sourceTree = "<group>"; };
		4347354619E08DC0001DDE4D /* RUHorizontalTitlePagingViewCollectionViewCell.m */ = {isa = PBXFileReference; fileEncoding = 4; lastKnownFileType = sourcecode.c.objc; path = RUHorizontalTitlePagingViewCollectionViewCell.m; sourceTree = "<group>"; };
		4347354719E08DC0001DDE4D /* RUHorizontalTitlePagingViewProtocols.h */ = {isa = PBXFileReference; fileEncoding = 4; lastKnownFileType = sourcecode.c.h; path = RUHorizontalTitlePagingViewProtocols.h; sourceTree = "<group>"; };
		4347354919E08DC0001DDE4D /* RUAsynchronousUIImageRequest.h */ = {isa = PBXFileReference; fileEncoding = 4; lastKnownFileType = sourcecode.c.h; path = RUAsynchronousUIImageRequest.h; sourceTree = "<group>"; };
		4347354A19E08DC0001DDE4D /* RUAsynchronousUIImageRequest.m */ = {isa = PBXFileReference; fileEncoding = 4; lastKnownFileType = sourcecode.c.objc; path = RUAsynchronousUIImageRequest.m; sourceTree = "<group>"; };
		4347354B19E08DC0001DDE4D /* RUAsynchronousUIImageRequestProtocols.h */ = {isa = PBXFileReference; fileEncoding = 4; lastKnownFileType = sourcecode.c.h; path = RUAsynchronousUIImageRequestProtocols.h; sourceTree = "<group>"; };
		4347354D19E08DC0001DDE4D /* RUAsynchronousImageFetchingProtocols.h */ = {isa = PBXFileReference; fileEncoding = 4; lastKnownFileType = sourcecode.c.h; path = RUAsynchronousImageFetchingProtocols.h; sourceTree = "<group>"; };
		4347354E19E08DC0001DDE4D /* UIButton+RUAsynchronousImageFetching.h */ = {isa = PBXFileReference; fileEncoding = 4; lastKnownFileType = sourcecode.c.h; path = "UIButton+RUAsynchronousImageFetching.h"; sourceTree = "<group>"; };
		4347354F19E08DC0001DDE4D /* UIButton+RUAsynchronousImageFetching.m */ = {isa = PBXFileReference; fileEncoding = 4; lastKnownFileType = sourcecode.c.objc; path = "UIButton+RUAsynchronousImageFetching.m"; sourceTree = "<group>"; };
		4347355019E08DC0001DDE4D /* UIImageView+RUAsynchronousImageFetching.h */ = {isa = PBXFileReference; fileEncoding = 4; lastKnownFileType = sourcecode.c.h; path = "UIImageView+RUAsynchronousImageFetching.h"; sourceTree = "<group>"; };
		4347355119E08DC0001DDE4D /* UIImageView+RUAsynchronousImageFetching.m */ = {isa = PBXFileReference; fileEncoding = 4; lastKnownFileType = sourcecode.c.objc; path = "UIImageView+RUAsynchronousImageFetching.m"; sourceTree = "<group>"; };
		4347355219E08DC0001DDE4D /* UIImageView+RUFacebookAsynchronousImageFetching.h */ = {isa = PBXFileReference; fileEncoding = 4; lastKnownFileType = sourcecode.c.h; path = "UIImageView+RUFacebookAsynchronousImageFetching.h"; sourceTree = "<group>"; };
		4347355319E08DC0001DDE4D /* UIImageView+RUFacebookAsynchronousImageFetching.m */ = {isa = PBXFileReference; fileEncoding = 4; lastKnownFileType = sourcecode.c.objc; path = "UIImageView+RUFacebookAsynchronousImageFetching.m"; sourceTree = "<group>"; };
		4347355519E08DC0001DDE4D /* RUScrollWithKeyboardAdjustmentView.h */ = {isa = PBXFileReference; fileEncoding = 4; lastKnownFileType = sourcecode.c.h; path = RUScrollWithKeyboardAdjustmentView.h; sourceTree = "<group>"; };
		4347355619E08DC0001DDE4D /* RUScrollWithKeyboardAdjustmentView.m */ = {isa = PBXFileReference; fileEncoding = 4; lastKnownFileType = sourcecode.c.objc; path = RUScrollWithKeyboardAdjustmentView.m; sourceTree = "<group>"; };
		4347355819E08DC0001DDE4D /* RUModalView.h */ = {isa = PBXFileReference; fileEncoding = 4; lastKnownFileType = sourcecode.c.h; path = RUModalView.h; sourceTree = "<group>"; };
		4347355919E08DC0001DDE4D /* RUModalView.m */ = {isa = PBXFileReference; fileEncoding = 4; lastKnownFileType = sourcecode.c.objc; path = RUModalView.m; sourceTree = "<group>"; };
		4347355A19E08DC0001DDE4D /* RUTopBottomBarModalView.h */ = {isa = PBXFileReference; fileEncoding = 4; lastKnownFileType = sourcecode.c.h; path = RUTopBottomBarModalView.h; sourceTree = "<group>"; };
		4347355B19E08DC0001DDE4D /* RUTopBottomBarModalView.m */ = {isa = PBXFileReference; fileEncoding = 4; lastKnownFileType = sourcecode.c.objc; path = RUTopBottomBarModalView.m; sourceTree = "<group>"; };
		4347355D19E08DC0001DDE4D /* RURadioButtonView.h */ = {isa = PBXFileReference; fileEncoding = 4; lastKnownFileType = sourcecode.c.h; path = RURadioButtonView.h; sourceTree = "<group>"; };
		4347355E19E08DC0001DDE4D /* RURadioButtonView.m */ = {isa = PBXFileReference; fileEncoding = 4; lastKnownFileType = sourcecode.c.objc; path = RURadioButtonView.m; sourceTree = "<group>"; };
		4347355F19E08DC0001DDE4D /* RURadioButtonViewProtocols.h */ = {isa = PBXFileReference; fileEncoding = 4; lastKnownFileType = sourcecode.c.h; path = RURadioButtonViewProtocols.h; sourceTree = "<group>"; };
		4347356119E08DC0001DDE4D /* RUScrollView.h */ = {isa = PBXFileReference; fileEncoding = 4; lastKnownFileType = sourcecode.c.h; path = RUScrollView.h; sourceTree = "<group>"; };
		4347356219E08DC0001DDE4D /* RUScrollView.m */ = {isa = PBXFileReference; fileEncoding = 4; lastKnownFileType = sourcecode.c.objc; path = RUScrollView.m; sourceTree = "<group>"; };
		4347356419E08DC0001DDE4D /* RUTableView.h */ = {isa = PBXFileReference; fileEncoding = 4; lastKnownFileType = sourcecode.c.h; path = RUTableView.h; sourceTree = "<group>"; };
		4347356519E08DC0001DDE4D /* RUTableView.m */ = {isa = PBXFileReference; fileEncoding = 4; lastKnownFileType = sourcecode.c.objc; path = RUTableView.m; sourceTree = "<group>"; };
		4347356719E08DC0001DDE4D /* RUTextFieldCustomizablePlaceholder.h */ = {isa = PBXFileReference; fileEncoding = 4; lastKnownFileType = sourcecode.c.h; path = RUTextFieldCustomizablePlaceholder.h; sourceTree = "<group>"; };
		4347356819E08DC0001DDE4D /* RUTextFieldCustomizablePlaceholder.m */ = {isa = PBXFileReference; fileEncoding = 4; lastKnownFileType = sourcecode.c.objc; path = RUTextFieldCustomizablePlaceholder.m; sourceTree = "<group>"; };
		4347356A19E08DC0001DDE4D /* RUAlertView.h */ = {isa = PBXFileReference; fileEncoding = 4; lastKnownFileType = sourcecode.c.h; path = RUAlertView.h; sourceTree = "<group>"; };
		4347356B19E08DC0001DDE4D /* RUAlertView.m */ = {isa = PBXFileReference; fileEncoding = 4; lastKnownFileType = sourcecode.c.objc; path = RUAlertView.m; sourceTree = "<group>"; };
		434735B319E08DD4001DDE4D /* RUScreenSizeToFloatConverter.h */ = {isa = PBXFileReference; fileEncoding = 4; lastKnownFileType = sourcecode.c.h; path = RUScreenSizeToFloatConverter.h; sourceTree = "<group>"; };
		434735B419E08DD4001DDE4D /* RUScreenSizeToFloatConverter.m */ = {isa = PBXFileReference; fileEncoding = 4; lastKnownFileType = sourcecode.c.objc; path = RUScreenSizeToFloatConverter.m; sourceTree = "<group>"; };
		434735ED19E254E2001DDE4D /* RUViewStack.h */ = {isa = PBXFileReference; fileEncoding = 4; lastKnownFileType = sourcecode.c.h; path = RUViewStack.h; sourceTree = "<group>"; };
		434735EE19E254E2001DDE4D /* RUViewStack.m */ = {isa = PBXFileReference; fileEncoding = 4; lastKnownFileType = sourcecode.c.objc; path = RUViewStack.m; sourceTree = "<group>"; };
		434735F019E25E66001DDE4D /* RUViewStackProtocols.h */ = {isa = PBXFileReference; fileEncoding = 4; lastKnownFileType = sourcecode.c.h; path = RUViewStackProtocols.h; sourceTree = "<group>"; };
/* End PBXFileReference section */

/* Begin PBXFrameworksBuildPhase section */
		430C9CA91868D80B002AEB0B /* Frameworks */ = {
			isa = PBXFrameworksBuildPhase;
			buildActionMask = 2147483647;
			files = (
				430C9CB21868D80B002AEB0B /* CoreGraphics.framework in Frameworks */,
				430C9CB41868D80B002AEB0B /* UIKit.framework in Frameworks */,
				430C9CB01868D80B002AEB0B /* Foundation.framework in Frameworks */,
			);
			runOnlyForDeploymentPostprocessing = 0;
		};
		430C9CC41868D80B002AEB0B /* Frameworks */ = {
			isa = PBXFrameworksBuildPhase;
			buildActionMask = 2147483647;
			files = (
				430C9CC91868D80B002AEB0B /* XCTest.framework in Frameworks */,
				430C9CCB1868D80B002AEB0B /* UIKit.framework in Frameworks */,
				430C9CCA1868D80B002AEB0B /* Foundation.framework in Frameworks */,
			);
			runOnlyForDeploymentPostprocessing = 0;
		};
/* End PBXFrameworksBuildPhase section */

/* Begin PBXGroup section */
		430C9CA31868D80B002AEB0B = {
			isa = PBXGroup;
			children = (
				430C9CB51868D80B002AEB0B /* ResplendentUtilities */,
				430C9CCE1868D80B002AEB0B /* ResplendentUtilitiesTests */,
				430C9CAE1868D80B002AEB0B /* Frameworks */,
				430C9CAD1868D80B002AEB0B /* Products */,
			);
			sourceTree = "<group>";
		};
		430C9CAD1868D80B002AEB0B /* Products */ = {
			isa = PBXGroup;
			children = (
				430C9CAC1868D80B002AEB0B /* ResplendentUtilities.app */,
				430C9CC71868D80B002AEB0B /* ResplendentUtilitiesTests.xctest */,
			);
			name = Products;
			sourceTree = "<group>";
		};
		430C9CAE1868D80B002AEB0B /* Frameworks */ = {
			isa = PBXGroup;
			children = (
				430C9CAF1868D80B002AEB0B /* Foundation.framework */,
				430C9CB11868D80B002AEB0B /* CoreGraphics.framework */,
				430C9CB31868D80B002AEB0B /* UIKit.framework */,
				430C9CC81868D80B002AEB0B /* XCTest.framework */,
			);
			name = Frameworks;
			sourceTree = "<group>";
		};
		430C9CB51868D80B002AEB0B /* ResplendentUtilities */ = {
			isa = PBXGroup;
			children = (
				430C9CDE1868D840002AEB0B /* Code */,
				430C9CBE1868D80B002AEB0B /* RUAppDelegate.h */,
				430C9CBF1868D80B002AEB0B /* RUAppDelegate.m */,
				430C9CC11868D80B002AEB0B /* Images.xcassets */,
				430C9CB61868D80B002AEB0B /* Supporting Files */,
			);
			path = ResplendentUtilities;
			sourceTree = "<group>";
		};
		430C9CB61868D80B002AEB0B /* Supporting Files */ = {
			isa = PBXGroup;
			children = (
				430C9CB71868D80B002AEB0B /* ResplendentUtilities-Info.plist */,
				430C9CB81868D80B002AEB0B /* InfoPlist.strings */,
				430C9CBB1868D80B002AEB0B /* main.m */,
				430C9CBD1868D80B002AEB0B /* ResplendentUtilities-Prefix.pch */,
			);
			name = "Supporting Files";
			sourceTree = "<group>";
		};
		430C9CCE1868D80B002AEB0B /* ResplendentUtilitiesTests */ = {
			isa = PBXGroup;
			children = (
				430C9CD41868D80B002AEB0B /* ResplendentUtilitiesTests.m */,
				430C9CCF1868D80B002AEB0B /* Supporting Files */,
			);
			path = ResplendentUtilitiesTests;
			sourceTree = "<group>";
		};
		430C9CCF1868D80B002AEB0B /* Supporting Files */ = {
			isa = PBXGroup;
			children = (
				430C9CD01868D80B002AEB0B /* ResplendentUtilitiesTests-Info.plist */,
				430C9CD11868D80B002AEB0B /* InfoPlist.strings */,
			);
			name = "Supporting Files";
			sourceTree = "<group>";
		};
		430C9CDE1868D840002AEB0B /* Code */ = {
			isa = PBXGroup;
			children = (
				434734A519E08DC0001DDE4D /* ResplendentUtilities */,
			);
			path = Code;
			sourceTree = "<group>";
		};
		434734A519E08DC0001DDE4D /* ResplendentUtilities */ = {
			isa = PBXGroup;
			children = (
				434734A619E08DC0001DDE4D /* Category */,
				434734F719E08DC0001DDE4D /* Controller */,
				434734FA19E08DC0001DDE4D /* Fullscreen */,
				4347350019E08DC0001DDE4D /* Macros */,
				4347350219E08DC0001DDE4D /* Misc */,
				4347351B19E08DC0001DDE4D /* Objects */,
				4347352819E08DC0001DDE4D /* View */,
			);
			path = ResplendentUtilities;
			sourceTree = "<group>";
		};
		434734A619E08DC0001DDE4D /* Category */ = {
			isa = PBXGroup;
			children = (
				434734A719E08DC0001DDE4D /* CALayer */,
				434734AC19E08DC0001DDE4D /* NSBundle+RUPListGetters.h */,
				434734AD19E08DC0001DDE4D /* NSBundle+RUPListGetters.m */,
				434734AE19E08DC0001DDE4D /* NSDate+RUUtility.h */,
				434734AF19E08DC0001DDE4D /* NSDate+RUUtility.m */,
				434734B019E08DC0001DDE4D /* NSDictionary+RUFBUserResponseObject.h */,
				434734B119E08DC0001DDE4D /* NSDictionary+RUFBUserResponseObject.m */,
				434734B219E08DC0001DDE4D /* NSManagedObject+RUUtility.h */,
				434734B319E08DC0001DDE4D /* NSManagedObject+RUUtility.m */,
				434734B419E08DC0001DDE4D /* NSMutableDictionary+RUUtil.h */,
				434734B519E08DC0001DDE4D /* NSMutableDictionary+RUUtil.m */,
				434734B619E08DC0001DDE4D /* NSNumber+RUUtil.h */,
				434734B719E08DC0001DDE4D /* NSNumber+RUUtil.m */,
				434734B819E08DC0001DDE4D /* NSString */,
				434734C519E08DC0001DDE4D /* UIActionSheet+RUShowUtil.h */,
				434734C619E08DC0001DDE4D /* UIActionSheet+RUShowUtil.m */,
				434734C719E08DC0001DDE4D /* UIAlertView+RUShowUtil.h */,
				434734C819E08DC0001DDE4D /* UIAlertView+RUShowUtil.m */,
				434734C919E08DC0001DDE4D /* UIButton+RUTextSize.h */,
				434734CA19E08DC0001DDE4D /* UIButton+RUTextSize.m */,
				434734CB19E08DC0001DDE4D /* UIColor */,
				434734D019E08DC0001DDE4D /* UIFont+RUConstants.h */,
				434734D119E08DC0001DDE4D /* UIFont+RUConstants.m */,
				434734D219E08DC0001DDE4D /* UIImage */,
				434734DD19E08DC0001DDE4D /* UILabel */,
				434734E219E08DC0001DDE4D /* UITextField+RUAttributes.h */,
				434734E319E08DC0001DDE4D /* UITextField+RUAttributes.m */,
				434734E419E08DC0001DDE4D /* UIView */,
			);
			path = Category;
			sourceTree = "<group>";
		};
		434734A719E08DC0001DDE4D /* CALayer */ = {
			isa = PBXGroup;
			children = (
				434734A819E08DC0001DDE4D /* CALayer+RUMask.h */,
				434734A919E08DC0001DDE4D /* CALayer+RUMask.m */,
				434734AA19E08DC0001DDE4D /* CAShapeLayer+RUMessageBox.h */,
				434734AB19E08DC0001DDE4D /* CAShapeLayer+RUMessageBox.m */,
			);
			path = CALayer;
			sourceTree = "<group>";
		};
		434734B819E08DC0001DDE4D /* NSString */ = {
			isa = PBXGroup;
			children = (
				434734B919E08DC0001DDE4D /* NSString+MKCoordinateRegion.h */,
				434734BA19E08DC0001DDE4D /* NSString+MKCoordinateRegion.m */,
				434734BB19E08DC0001DDE4D /* NSString+RUMutableURLRequest.h */,
				434734BC19E08DC0001DDE4D /* NSString+RUMutableURLRequest.m */,
				434734BD19E08DC0001DDE4D /* NSString+RUStringContainsUtil.h */,
				434734BE19E08DC0001DDE4D /* NSString+RUStringContainsUtil.m */,
				434734BF19E08DC0001DDE4D /* NSString+RUTextSize.h */,
				434734C019E08DC0001DDE4D /* NSString+RUTextSize.m */,
				434734C119E08DC0001DDE4D /* NSString+RUURLParams.h */,
				434734C219E08DC0001DDE4D /* NSString+RUURLParams.m */,
				434734C319E08DC0001DDE4D /* NSString+RUUtil.h */,
				434734C419E08DC0001DDE4D /* NSString+RUUtil.m */,
			);
			path = NSString;
			sourceTree = "<group>";
		};
		434734CB19E08DC0001DDE4D /* UIColor */ = {
			isa = PBXGroup;
			children = (
				434734CC19E08DC0001DDE4D /* UIColor+RUHexString.h */,
				434734CD19E08DC0001DDE4D /* UIColor+RUHexString.m */,
				434734CE19E08DC0001DDE4D /* UIColor+RUUtility.h */,
				434734CF19E08DC0001DDE4D /* UIColor+RUUtility.m */,
			);
			path = UIColor;
			sourceTree = "<group>";
		};
		434734D219E08DC0001DDE4D /* UIImage */ = {
			isa = PBXGroup;
			children = (
				434734D319E08DC0001DDE4D /* UIImage+Resizing.h */,
				434734D419E08DC0001DDE4D /* UIImage+Resizing.m */,
				434734D519E08DC0001DDE4D /* UIImage+Rotation.h */,
				434734D619E08DC0001DDE4D /* UIImage+Rotation.m */,
				434734D719E08DC0001DDE4D /* UIImage+RUDebug.h */,
				434734D819E08DC0001DDE4D /* UIImage+RUDebug.m */,
				434734D919E08DC0001DDE4D /* UIImage+RUImageColorMasking.h */,
				434734DA19E08DC0001DDE4D /* UIImage+RUImageColorMasking.m */,
				434734DB19E08DC0001DDE4D /* UIView+RUSnapshot.h */,
				434734DC19E08DC0001DDE4D /* UIView+RUSnapshot.m */,
			);
			path = UIImage;
			sourceTree = "<group>";
		};
		434734DD19E08DC0001DDE4D /* UILabel */ = {
			isa = PBXGroup;
			children = (
				434734DE19E08DC0001DDE4D /* UILabel+RUAttributes.h */,
				434734DF19E08DC0001DDE4D /* UILabel+RUAttributes.m */,
				434734E019E08DC0001DDE4D /* UILabel+RUTextSize.h */,
				434734E119E08DC0001DDE4D /* UILabel+RUTextSize.m */,
			);
			path = UILabel;
			sourceTree = "<group>";
		};
		434734E419E08DC0001DDE4D /* UIView */ = {
			isa = PBXGroup;
			children = (
				434734E519E08DC0001DDE4D /* UIView+CoreGraphics.h */,
				434734E619E08DC0001DDE4D /* UIView+CoreGraphics.m */,
				434734E719E08DC0001DDE4D /* UIView+RUCancelControlTracking.h */,
				434734E819E08DC0001DDE4D /* UIView+RUCancelControlTracking.m */,
				434734E919E08DC0001DDE4D /* UIView+RUDrawHole.h */,
				434734EA19E08DC0001DDE4D /* UIView+RUDrawHole.m */,
				434734EB19E08DC0001DDE4D /* UIView+RUEnableTapToResignFirstResponder.h */,
				434734EC19E08DC0001DDE4D /* UIView+RUEnableTapToResignFirstResponder.m */,
				434734ED19E08DC0001DDE4D /* UIView+RUMaskRoundCorners.h */,
				434734EE19E08DC0001DDE4D /* UIView+RUMaskRoundCorners.m */,
				434734EF19E08DC0001DDE4D /* UIView+RUSpinner.h */,
				434734F019E08DC0001DDE4D /* UIView+RUSpinner.m */,
				434734F119E08DC0001DDE4D /* UIView+RUSubviews.h */,
				434734F219E08DC0001DDE4D /* UIView+RUSubviews.m */,
				434734F319E08DC0001DDE4D /* UIView+RUUtility.h */,
				434734F419E08DC0001DDE4D /* UIView+RUUtility.m */,
				434734F519E08DC0001DDE4D /* UIView+RUViewHierarchyUtility.h */,
				434734F619E08DC0001DDE4D /* UIView+RUViewHierarchyUtility.m */,
			);
			path = UIView;
			sourceTree = "<group>";
		};
		434734F719E08DC0001DDE4D /* Controller */ = {
			isa = PBXGroup;
			children = (
				434734F819E08DC0001DDE4D /* RUScrollToTopManager.h */,
				434734F919E08DC0001DDE4D /* RUScrollToTopManager.m */,
			);
			path = Controller;
			sourceTree = "<group>";
		};
		434734FA19E08DC0001DDE4D /* Fullscreen */ = {
			isa = PBXGroup;
			children = (
				434734FB19E08DC0001DDE4D /* RUFullscreenRotatingView.h */,
				434734FC19E08DC0001DDE4D /* RUFullscreenRotatingView.m */,
				434734FD19E08DC0001DDE4D /* RUFullscreenRotatingViewProtocols.h */,
				434734FE19E08DC0001DDE4D /* RUImageViewFullscreenRotatingView.h */,
				434734FF19E08DC0001DDE4D /* RUImageViewFullscreenRotatingView.m */,
			);
			path = Fullscreen;
			sourceTree = "<group>";
		};
		4347350019E08DC0001DDE4D /* Macros */ = {
			isa = PBXGroup;
			children = (
				4347350119E08DC0001DDE4D /* RUActionSheetManagement.h */,
			);
			path = Macros;
			sourceTree = "<group>";
		};
		4347350219E08DC0001DDE4D /* Misc */ = {
			isa = PBXGroup;
			children = (
				4347350319E08DC0001DDE4D /* Compatability */,
				4347350A19E08DC0001DDE4D /* RUClassOrNilUtil.h */,
				4347350B19E08DC0001DDE4D /* RUClassOrNilUtil.m */,
				4347350C19E08DC0001DDE4D /* RUConditionalReturn.h */,
				4347350D19E08DC0001DDE4D /* RUConstants.h */,
				4347350E19E08DC0001DDE4D /* RUCreateDestroyViewSynthesization.h */,
				4347350F19E08DC0001DDE4D /* RUDebug.h */,
				4347351019E08DC0001DDE4D /* RUDebugging.h */,
				4347351119E08DC0001DDE4D /* RUDLog.h */,
				4347351219E08DC0001DDE4D /* RUExceptions.h */,
				4347351319E08DC0001DDE4D /* RUNotifications.h */,
				4347351419E08DC0001DDE4D /* RUProtocolOrNil.h */,
				4347351519E08DC0001DDE4D /* RUShowViewUtil.h */,
				4347351619E08DC0001DDE4D /* RUSingleton.h */,
				4347351719E08DC0001DDE4D /* RUStaticVariableSynthesization.h */,
				4347351819E08DC0001DDE4D /* RUSynthesizeAssociatedObjects.h */,
				4347351919E08DC0001DDE4D /* RUSynthesizeUserDefaultMethods.h */,
				4347351A19E08DC0001DDE4D /* RUSystemVersionUtils.h */,
			);
			path = Misc;
			sourceTree = "<group>";
		};
		4347350319E08DC0001DDE4D /* Compatability */ = {
			isa = PBXGroup;
			children = (
				4347350419E08DC0001DDE4D /* RUCompatability.h */,
				4347350519E08DC0001DDE4D /* RUCompatability.m */,
				4347350619E08DC0001DDE4D /* RUImageCompatability.h */,
				4347350719E08DC0001DDE4D /* RUImageCompatability.m */,
				434735B319E08DD4001DDE4D /* RUScreenSizeToFloatConverter.h */,
				434735B419E08DD4001DDE4D /* RUScreenSizeToFloatConverter.m */,
				4347350819E08DC0001DDE4D /* RUStringCompatability.h */,
				4347350919E08DC0001DDE4D /* RUStringCompatability.m */,
			);
			path = Compatability;
			sourceTree = "<group>";
		};
		4347351B19E08DC0001DDE4D /* Objects */ = {
			isa = PBXGroup;
			children = (
				4347351C19E08DC0001DDE4D /* KeyboardAdjustmentHelper */,
				4347352019E08DC0001DDE4D /* RUAddressBookUtil.h */,
				4347352119E08DC0001DDE4D /* RUAddressBookUtil.m */,
				4347352219E08DC0001DDE4D /* RUAttributesDictionaryBuilder.h */,
				4347352319E08DC0001DDE4D /* RUAttributesDictionaryBuilder.m */,
				4347352419E08DC0001DDE4D /* RUDeallocHook.h */,
				4347352519E08DC0001DDE4D /* RUDeallocHook.m */,
				4347352619E08DC0001DDE4D /* RUOrderedMutableDictionary.h */,
				4347352719E08DC0001DDE4D /* RUOrderedMutableDictionary.m */,
			);
			path = Objects;
			sourceTree = "<group>";
		};
		4347351C19E08DC0001DDE4D /* KeyboardAdjustmentHelper */ = {
			isa = PBXGroup;
			children = (
				4347351D19E08DC0001DDE4D /* RUKeyboardAdjustmentHelper.h */,
				4347351E19E08DC0001DDE4D /* RUKeyboardAdjustmentHelper.m */,
				4347351F19E08DC0001DDE4D /* RUKeyboardAdjustmentHelperProtocols.h */,
			);
			path = KeyboardAdjustmentHelper;
			sourceTree = "<group>";
		};
		4347352819E08DC0001DDE4D /* View */ = {
			isa = PBXGroup;
			children = (
				4347352919E08DC0001DDE4D /* Buttons */,
				4347352C19E08DC0001DDE4D /* ColorPicker */,
				4347353319E08DC0001DDE4D /* CornerRoundingBorderedView */,
				4347353619E08DC0001DDE4D /* Geometry */,
				4347353B19E08DC0001DDE4D /* Gradients */,
				4347353E19E08DC0001DDE4D /* HorizontalPagingView */,
				4347354219E08DC0001DDE4D /* HorizontalTitlePagingView */,
				4347354819E08DC0001DDE4D /* Image */,
				4347354C19E08DC0001DDE4D /* ImageFetching */,
				4347355419E08DC0001DDE4D /* Keyboard */,
				4347355719E08DC0001DDE4D /* Modal */,
				4347355C19E08DC0001DDE4D /* RadioButtonView */,
				434735EC19E254C3001DDE4D /* RUViewStack */,
				4347356019E08DC0001DDE4D /* ScrollView */,
				4347356319E08DC0001DDE4D /* TableView */,
				4347356619E08DC0001DDE4D /* TextFieldCustomizablePlaceholder */,
				4347356919E08DC0001DDE4D /* UIAlertView */,
			);
			path = View;
			sourceTree = "<group>";
		};
		4347352919E08DC0001DDE4D /* Buttons */ = {
			isa = PBXGroup;
			children = (
				4347352A19E08DC0001DDE4D /* RUGradientButton.h */,
				4347352B19E08DC0001DDE4D /* RUGradientButton.m */,
			);
			path = Buttons;
			sourceTree = "<group>";
		};
		4347352C19E08DC0001DDE4D /* ColorPicker */ = {
			isa = PBXGroup;
			children = (
				4347352D19E08DC0001DDE4D /* RUColorPickerCell.h */,
				4347352E19E08DC0001DDE4D /* RUColorPickerCell.m */,
				4347352F19E08DC0001DDE4D /* RUColorPickerCellUtil.h */,
				4347353019E08DC0001DDE4D /* RUColorPickerView.h */,
				4347353119E08DC0001DDE4D /* RUColorPickerView.m */,
				4347353219E08DC0001DDE4D /* RUColorPickerViewProtocols.h */,
			);
			path = ColorPicker;
			sourceTree = "<group>";
		};
		4347353319E08DC0001DDE4D /* CornerRoundingBorderedView */ = {
			isa = PBXGroup;
			children = (
				4347353419E08DC0001DDE4D /* RUCornerRoundingBorderedView.h */,
				4347353519E08DC0001DDE4D /* RUCornerRoundingBorderedView.m */,
			);
			path = CornerRoundingBorderedView;
			sourceTree = "<group>";
		};
		4347353619E08DC0001DDE4D /* Geometry */ = {
			isa = PBXGroup;
			children = (
				4347353719E08DC0001DDE4D /* RUCrossView.h */,
				4347353819E08DC0001DDE4D /* RUCrossView.m */,
				4347353919E08DC0001DDE4D /* RUTriangle.h */,
				4347353A19E08DC0001DDE4D /* RUTriangle.m */,
			);
			path = Geometry;
			sourceTree = "<group>";
		};
		4347353B19E08DC0001DDE4D /* Gradients */ = {
			isa = PBXGroup;
			children = (
				4347353C19E08DC0001DDE4D /* RUGradientView.h */,
				4347353D19E08DC0001DDE4D /* RUGradientView.m */,
			);
			path = Gradients;
			sourceTree = "<group>";
		};
		4347353E19E08DC0001DDE4D /* HorizontalPagingView */ = {
			isa = PBXGroup;
			children = (
				4347353F19E08DC0001DDE4D /* RUHorizontalPagingView.h */,
				4347354019E08DC0001DDE4D /* RUHorizontalPagingView.m */,
				4347354119E08DC0001DDE4D /* RUHorizontalPagingViewProtocols.h */,
			);
			path = HorizontalPagingView;
			sourceTree = "<group>";
		};
		4347354219E08DC0001DDE4D /* HorizontalTitlePagingView */ = {
			isa = PBXGroup;
			children = (
				4347354319E08DC0001DDE4D /* RUHorizontalTitlePagingView.h */,
				4347354419E08DC0001DDE4D /* RUHorizontalTitlePagingView.m */,
				4347354519E08DC0001DDE4D /* RUHorizontalTitlePagingViewCollectionViewCell.h */,
				4347354619E08DC0001DDE4D /* RUHorizontalTitlePagingViewCollectionViewCell.m */,
				4347354719E08DC0001DDE4D /* RUHorizontalTitlePagingViewProtocols.h */,
			);
			path = HorizontalTitlePagingView;
			sourceTree = "<group>";
		};
		4347354819E08DC0001DDE4D /* Image */ = {
			isa = PBXGroup;
			children = (
				4347354919E08DC0001DDE4D /* RUAsynchronousUIImageRequest.h */,
				4347354A19E08DC0001DDE4D /* RUAsynchronousUIImageRequest.m */,
				4347354B19E08DC0001DDE4D /* RUAsynchronousUIImageRequestProtocols.h */,
			);
			path = Image;
			sourceTree = "<group>";
		};
		4347354C19E08DC0001DDE4D /* ImageFetching */ = {
			isa = PBXGroup;
			children = (
				4347354D19E08DC0001DDE4D /* RUAsynchronousImageFetchingProtocols.h */,
				4347354E19E08DC0001DDE4D /* UIButton+RUAsynchronousImageFetching.h */,
				4347354F19E08DC0001DDE4D /* UIButton+RUAsynchronousImageFetching.m */,
				4347355019E08DC0001DDE4D /* UIImageView+RUAsynchronousImageFetching.h */,
				4347355119E08DC0001DDE4D /* UIImageView+RUAsynchronousImageFetching.m */,
				4347355219E08DC0001DDE4D /* UIImageView+RUFacebookAsynchronousImageFetching.h */,
				4347355319E08DC0001DDE4D /* UIImageView+RUFacebookAsynchronousImageFetching.m */,
			);
			path = ImageFetching;
			sourceTree = "<group>";
		};
		4347355419E08DC0001DDE4D /* Keyboard */ = {
			isa = PBXGroup;
			children = (
				4347355519E08DC0001DDE4D /* RUScrollWithKeyboardAdjustmentView.h */,
				4347355619E08DC0001DDE4D /* RUScrollWithKeyboardAdjustmentView.m */,
			);
			path = Keyboard;
			sourceTree = "<group>";
		};
		4347355719E08DC0001DDE4D /* Modal */ = {
			isa = PBXGroup;
			children = (
				4347355819E08DC0001DDE4D /* RUModalView.h */,
				4347355919E08DC0001DDE4D /* RUModalView.m */,
				4347355A19E08DC0001DDE4D /* RUTopBottomBarModalView.h */,
				4347355B19E08DC0001DDE4D /* RUTopBottomBarModalView.m */,
			);
			path = Modal;
			sourceTree = "<group>";
		};
		4347355C19E08DC0001DDE4D /* RadioButtonView */ = {
			isa = PBXGroup;
			children = (
				4347355D19E08DC0001DDE4D /* RURadioButtonView.h */,
				4347355E19E08DC0001DDE4D /* RURadioButtonView.m */,
				4347355F19E08DC0001DDE4D /* RURadioButtonViewProtocols.h */,
			);
			path = RadioButtonView;
			sourceTree = "<group>";
		};
		4347356019E08DC0001DDE4D /* ScrollView */ = {
			isa = PBXGroup;
			children = (
				4347356119E08DC0001DDE4D /* RUScrollView.h */,
				4347356219E08DC0001DDE4D /* RUScrollView.m */,
			);
			path = ScrollView;
			sourceTree = "<group>";
		};
		4347356319E08DC0001DDE4D /* TableView */ = {
			isa = PBXGroup;
			children = (
				4347356419E08DC0001DDE4D /* RUTableView.h */,
				4347356519E08DC0001DDE4D /* RUTableView.m */,
			);
			path = TableView;
			sourceTree = "<group>";
		};
		4347356619E08DC0001DDE4D /* TextFieldCustomizablePlaceholder */ = {
			isa = PBXGroup;
			children = (
				4347356719E08DC0001DDE4D /* RUTextFieldCustomizablePlaceholder.h */,
				4347356819E08DC0001DDE4D /* RUTextFieldCustomizablePlaceholder.m */,
			);
			path = TextFieldCustomizablePlaceholder;
			sourceTree = "<group>";
		};
		4347356919E08DC0001DDE4D /* UIAlertView */ = {
			isa = PBXGroup;
			children = (
				4347356A19E08DC0001DDE4D /* RUAlertView.h */,
				4347356B19E08DC0001DDE4D /* RUAlertView.m */,
			);
			path = UIAlertView;
			sourceTree = "<group>";
		};
		434735EC19E254C3001DDE4D /* RUViewStack */ = {
			isa = PBXGroup;
			children = (
				434735ED19E254E2001DDE4D /* RUViewStack.h */,
				434735EE19E254E2001DDE4D /* RUViewStack.m */,
				434735F019E25E66001DDE4D /* RUViewStackProtocols.h */,
			);
			path = RUViewStack;
			sourceTree = "<group>";
		};
/* End PBXGroup section */

/* Begin PBXNativeTarget section */
		430C9CAB1868D80B002AEB0B /* ResplendentUtilities */ = {
			isa = PBXNativeTarget;
			buildConfigurationList = 430C9CD81868D80B002AEB0B /* Build configuration list for PBXNativeTarget "ResplendentUtilities" */;
			buildPhases = (
				430C9CA81868D80B002AEB0B /* Sources */,
				430C9CA91868D80B002AEB0B /* Frameworks */,
				430C9CAA1868D80B002AEB0B /* Resources */,
			);
			buildRules = (
			);
			dependencies = (
			);
			name = ResplendentUtilities;
			productName = ResplendentUtilities;
			productReference = 430C9CAC1868D80B002AEB0B /* ResplendentUtilities.app */;
			productType = "com.apple.product-type.application";
		};
		430C9CC61868D80B002AEB0B /* ResplendentUtilitiesTests */ = {
			isa = PBXNativeTarget;
			buildConfigurationList = 430C9CDB1868D80B002AEB0B /* Build configuration list for PBXNativeTarget "ResplendentUtilitiesTests" */;
			buildPhases = (
				430C9CC31868D80B002AEB0B /* Sources */,
				430C9CC41868D80B002AEB0B /* Frameworks */,
				430C9CC51868D80B002AEB0B /* Resources */,
			);
			buildRules = (
			);
			dependencies = (
				430C9CCD1868D80B002AEB0B /* PBXTargetDependency */,
			);
			name = ResplendentUtilitiesTests;
			productName = ResplendentUtilitiesTests;
			productReference = 430C9CC71868D80B002AEB0B /* ResplendentUtilitiesTests.xctest */;
			productType = "com.apple.product-type.bundle.unit-test";
		};
/* End PBXNativeTarget section */

/* Begin PBXProject section */
		430C9CA41868D80B002AEB0B /* Project object */ = {
			isa = PBXProject;
			attributes = {
				CLASSPREFIX = RU;
				LastUpgradeCheck = 0600;
				ORGANIZATIONNAME = Resplendent;
				TargetAttributes = {
					430C9CC61868D80B002AEB0B = {
						TestTargetID = 430C9CAB1868D80B002AEB0B;
					};
				};
			};
			buildConfigurationList = 430C9CA71868D80B002AEB0B /* Build configuration list for PBXProject "ResplendentUtilities" */;
			compatibilityVersion = "Xcode 3.2";
			developmentRegion = English;
			hasScannedForEncodings = 0;
			knownRegions = (
				en,
			);
			mainGroup = 430C9CA31868D80B002AEB0B;
			productRefGroup = 430C9CAD1868D80B002AEB0B /* Products */;
			projectDirPath = "";
			projectRoot = "";
			targets = (
				430C9CAB1868D80B002AEB0B /* ResplendentUtilities */,
				430C9CC61868D80B002AEB0B /* ResplendentUtilitiesTests */,
			);
		};
/* End PBXProject section */

/* Begin PBXResourcesBuildPhase section */
		430C9CAA1868D80B002AEB0B /* Resources */ = {
			isa = PBXResourcesBuildPhase;
			buildActionMask = 2147483647;
			files = (
				430C9CBA1868D80B002AEB0B /* InfoPlist.strings in Resources */,
				430C9CC21868D80B002AEB0B /* Images.xcassets in Resources */,
			);
			runOnlyForDeploymentPostprocessing = 0;
		};
		430C9CC51868D80B002AEB0B /* Resources */ = {
			isa = PBXResourcesBuildPhase;
			buildActionMask = 2147483647;
			files = (
				430C9CD31868D80B002AEB0B /* InfoPlist.strings in Resources */,
			);
			runOnlyForDeploymentPostprocessing = 0;
		};
/* End PBXResourcesBuildPhase section */

/* Begin PBXSourcesBuildPhase section */
		430C9CA81868D80B002AEB0B /* Sources */ = {
			isa = PBXSourcesBuildPhase;
			buildActionMask = 2147483647;
			files = (
				4347358F19E08DC0001DDE4D /* UIView+RUUtility.m in Sources */,
				4347358919E08DC0001DDE4D /* UIView+RUCancelControlTracking.m in Sources */,
				434735A219E08DC0001DDE4D /* RUTriangle.m in Sources */,
				4347359A19E08DC0001DDE4D /* RUAttributesDictionaryBuilder.m in Sources */,
				434735A619E08DC0001DDE4D /* RUHorizontalTitlePagingViewCollectionViewCell.m in Sources */,
				4347359019E08DC0001DDE4D /* UIView+RUViewHierarchyUtility.m in Sources */,
				4347358419E08DC0001DDE4D /* UIView+RUSnapshot.m in Sources */,
				434735B019E08DC0001DDE4D /* RUTableView.m in Sources */,
				4347359919E08DC0001DDE4D /* RUAddressBookUtil.m in Sources */,
				4347358219E08DC0001DDE4D /* UIImage+RUDebug.m in Sources */,
				434735A919E08DC0001DDE4D /* UIImageView+RUAsynchronousImageFetching.m in Sources */,
				4347359C19E08DC0001DDE4D /* RUOrderedMutableDictionary.m in Sources */,
				4347357719E08DC0001DDE4D /* NSString+RUTextSize.m in Sources */,
				434735AF19E08DC0001DDE4D /* RUScrollView.m in Sources */,
				4347359819E08DC0001DDE4D /* RUKeyboardAdjustmentHelper.m in Sources */,
				434735A019E08DC0001DDE4D /* RUCornerRoundingBorderedView.m in Sources */,
				4347358119E08DC0001DDE4D /* UIImage+Rotation.m in Sources */,
				4347358519E08DC0001DDE4D /* UILabel+RUAttributes.m in Sources */,
				4347358619E08DC0001DDE4D /* UILabel+RUTextSize.m in Sources */,
				434735B219E08DC0001DDE4D /* RUAlertView.m in Sources */,
				4347358B19E08DC0001DDE4D /* UIView+RUEnableTapToResignFirstResponder.m in Sources */,
				4347357619E08DC0001DDE4D /* NSString+RUStringContainsUtil.m in Sources */,
				434735AC19E08DC0001DDE4D /* RUModalView.m in Sources */,
				434735AA19E08DC0001DDE4D /* UIImageView+RUFacebookAsynchronousImageFetching.m in Sources */,
				4347356D19E08DC0001DDE4D /* CAShapeLayer+RUMessageBox.m in Sources */,
				4347357119E08DC0001DDE4D /* NSManagedObject+RUUtility.m in Sources */,
				4347358D19E08DC0001DDE4D /* UIView+RUSpinner.m in Sources */,
				4347357919E08DC0001DDE4D /* NSString+RUUtil.m in Sources */,
				434735AB19E08DC0001DDE4D /* RUScrollWithKeyboardAdjustmentView.m in Sources */,
				4347358319E08DC0001DDE4D /* UIImage+RUImageColorMasking.m in Sources */,
				4347359719E08DC0001DDE4D /* RUClassOrNilUtil.m in Sources */,
				4347359B19E08DC0001DDE4D /* RUDeallocHook.m in Sources */,
				434735B519E08DD4001DDE4D /* RUScreenSizeToFloatConverter.m in Sources */,
				4347358719E08DC0001DDE4D /* UITextField+RUAttributes.m in Sources */,
				4347358819E08DC0001DDE4D /* UIView+CoreGraphics.m in Sources */,
				434735A819E08DC0001DDE4D /* UIButton+RUAsynchronousImageFetching.m in Sources */,
				4347357F19E08DC0001DDE4D /* UIFont+RUConstants.m in Sources */,
				4347357019E08DC0001DDE4D /* NSDictionary+RUFBUserResponseObject.m in Sources */,
				430C9CBC1868D80B002AEB0B /* main.m in Sources */,
				4347359319E08DC0001DDE4D /* RUImageViewFullscreenRotatingView.m in Sources */,
				434735AD19E08DC0001DDE4D /* RUTopBottomBarModalView.m in Sources */,
				4347359419E08DC0001DDE4D /* RUCompatability.m in Sources */,
				4347359F19E08DC0001DDE4D /* RUColorPickerView.m in Sources */,
				4347357219E08DC0001DDE4D /* NSMutableDictionary+RUUtil.m in Sources */,
				434735AE19E08DC0001DDE4D /* RURadioButtonView.m in Sources */,
				4347358E19E08DC0001DDE4D /* UIView+RUSubviews.m in Sources */,
				434735B119E08DC0001DDE4D /* RUTextFieldCustomizablePlaceholder.m in Sources */,
				4347359219E08DC0001DDE4D /* RUFullscreenRotatingView.m in Sources */,
				4347356F19E08DC0001DDE4D /* NSDate+RUUtility.m in Sources */,
				4347359119E08DC0001DDE4D /* RUScrollToTopManager.m in Sources */,
				434735A119E08DC0001DDE4D /* RUCrossView.m in Sources */,
				4347357819E08DC0001DDE4D /* NSString+RUURLParams.m in Sources */,
				4347357419E08DC0001DDE4D /* NSString+MKCoordinateRegion.m in Sources */,
				434735A519E08DC0001DDE4D /* RUHorizontalTitlePagingView.m in Sources */,
				4347357E19E08DC0001DDE4D /* UIColor+RUUtility.m in Sources */,
				4347357C19E08DC0001DDE4D /* UIButton+RUTextSize.m in Sources */,
				4347357B19E08DC0001DDE4D /* UIAlertView+RUShowUtil.m in Sources */,
				434735A319E08DC0001DDE4D /* RUGradientView.m in Sources */,
				4347359519E08DC0001DDE4D /* RUImageCompatability.m in Sources */,
				4347356C19E08DC0001DDE4D /* CALayer+RUMask.m in Sources */,
				4347358A19E08DC0001DDE4D /* UIView+RUDrawHole.m in Sources */,
				4347358C19E08DC0001DDE4D /* UIView+RUMaskRoundCorners.m in Sources */,
				430C9CC01868D80B002AEB0B /* RUAppDelegate.m in Sources */,
				434735A419E08DC0001DDE4D /* RUHorizontalPagingView.m in Sources */,
				4347357D19E08DC0001DDE4D /* UIColor+RUHexString.m in Sources */,
				4347359E19E08DC0001DDE4D /* RUColorPickerCell.m in Sources */,
				434735A719E08DC0001DDE4D /* RUAsynchronousUIImageRequest.m in Sources */,
				4347359619E08DC0001DDE4D /* RUStringCompatability.m in Sources */,
				4347359D19E08DC0001DDE4D /* RUGradientButton.m in Sources */,
				4347357519E08DC0001DDE4D /* NSString+RUMutableURLRequest.m in Sources */,
				434735EF19E254E2001DDE4D /* RUViewStack.m in Sources */,
				4347357319E08DC0001DDE4D /* NSNumber+RUUtil.m in Sources */,
				4347357A19E08DC0001DDE4D /* UIActionSheet+RUShowUtil.m in Sources */,
				4347356E19E08DC0001DDE4D /* NSBundle+RUPListGetters.m in Sources */,
				4347358019E08DC0001DDE4D /* UIImage+Resizing.m in Sources */,
			);
			runOnlyForDeploymentPostprocessing = 0;
		};
		430C9CC31868D80B002AEB0B /* Sources */ = {
			isa = PBXSourcesBuildPhase;
			buildActionMask = 2147483647;
			files = (
				430C9CD51868D80B002AEB0B /* ResplendentUtilitiesTests.m in Sources */,
			);
			runOnlyForDeploymentPostprocessing = 0;
		};
/* End PBXSourcesBuildPhase section */

/* Begin PBXTargetDependency section */
		430C9CCD1868D80B002AEB0B /* PBXTargetDependency */ = {
			isa = PBXTargetDependency;
			target = 430C9CAB1868D80B002AEB0B /* ResplendentUtilities */;
			targetProxy = 430C9CCC1868D80B002AEB0B /* PBXContainerItemProxy */;
		};
/* End PBXTargetDependency section */

/* Begin PBXVariantGroup section */
		430C9CB81868D80B002AEB0B /* InfoPlist.strings */ = {
			isa = PBXVariantGroup;
			children = (
				430C9CB91868D80B002AEB0B /* en */,
			);
			name = InfoPlist.strings;
			sourceTree = "<group>";
		};
		430C9CD11868D80B002AEB0B /* InfoPlist.strings */ = {
			isa = PBXVariantGroup;
			children = (
				430C9CD21868D80B002AEB0B /* en */,
			);
			name = InfoPlist.strings;
			sourceTree = "<group>";
		};
/* End PBXVariantGroup section */

/* Begin XCBuildConfiguration section */
		430C9CD61868D80B002AEB0B /* Debug */ = {
			isa = XCBuildConfiguration;
			buildSettings = {
				ALWAYS_SEARCH_USER_PATHS = NO;
				CLANG_CXX_LANGUAGE_STANDARD = "gnu++0x";
				CLANG_CXX_LIBRARY = "libc++";
				CLANG_ENABLE_MODULES = YES;
				CLANG_ENABLE_OBJC_ARC = YES;
				CLANG_WARN_BOOL_CONVERSION = YES;
				CLANG_WARN_CONSTANT_CONVERSION = YES;
				CLANG_WARN_DIRECT_OBJC_ISA_USAGE = YES_ERROR;
				CLANG_WARN_EMPTY_BODY = YES;
				CLANG_WARN_ENUM_CONVERSION = YES;
				CLANG_WARN_INT_CONVERSION = YES;
				CLANG_WARN_OBJC_ROOT_CLASS = YES_ERROR;
				CLANG_WARN__DUPLICATE_METHOD_MATCH = YES;
				"CODE_SIGN_IDENTITY[sdk=iphoneos*]" = "iPhone Developer";
				COPY_PHASE_STRIP = NO;
				GCC_C_LANGUAGE_STANDARD = gnu99;
				GCC_DYNAMIC_NO_PIC = NO;
				GCC_OPTIMIZATION_LEVEL = 0;
				GCC_PREPROCESSOR_DEFINITIONS = (
					"DEBUG=1",
					"$(inherited)",
				);
				GCC_SYMBOLS_PRIVATE_EXTERN = NO;
				GCC_WARN_64_TO_32_BIT_CONVERSION = YES;
				GCC_WARN_ABOUT_RETURN_TYPE = YES_ERROR;
				GCC_WARN_UNDECLARED_SELECTOR = YES;
				GCC_WARN_UNINITIALIZED_AUTOS = YES;
				GCC_WARN_UNUSED_FUNCTION = YES;
				GCC_WARN_UNUSED_VARIABLE = YES;
				IPHONEOS_DEPLOYMENT_TARGET = 7.0;
				ONLY_ACTIVE_ARCH = YES;
				SDKROOT = iphoneos;
				TARGETED_DEVICE_FAMILY = "1,2";
			};
			name = Debug;
		};
		430C9CD71868D80B002AEB0B /* Release */ = {
			isa = XCBuildConfiguration;
			buildSettings = {
				ALWAYS_SEARCH_USER_PATHS = NO;
				CLANG_CXX_LANGUAGE_STANDARD = "gnu++0x";
				CLANG_CXX_LIBRARY = "libc++";
				CLANG_ENABLE_MODULES = YES;
				CLANG_ENABLE_OBJC_ARC = YES;
				CLANG_WARN_BOOL_CONVERSION = YES;
				CLANG_WARN_CONSTANT_CONVERSION = YES;
				CLANG_WARN_DIRECT_OBJC_ISA_USAGE = YES_ERROR;
				CLANG_WARN_EMPTY_BODY = YES;
				CLANG_WARN_ENUM_CONVERSION = YES;
				CLANG_WARN_INT_CONVERSION = YES;
				CLANG_WARN_OBJC_ROOT_CLASS = YES_ERROR;
				CLANG_WARN__DUPLICATE_METHOD_MATCH = YES;
				"CODE_SIGN_IDENTITY[sdk=iphoneos*]" = "iPhone Developer";
				COPY_PHASE_STRIP = YES;
				ENABLE_NS_ASSERTIONS = NO;
				GCC_C_LANGUAGE_STANDARD = gnu99;
				GCC_WARN_64_TO_32_BIT_CONVERSION = YES;
				GCC_WARN_ABOUT_RETURN_TYPE = YES_ERROR;
				GCC_WARN_UNDECLARED_SELECTOR = YES;
				GCC_WARN_UNINITIALIZED_AUTOS = YES;
				GCC_WARN_UNUSED_FUNCTION = YES;
				GCC_WARN_UNUSED_VARIABLE = YES;
				IPHONEOS_DEPLOYMENT_TARGET = 7.0;
				SDKROOT = iphoneos;
				TARGETED_DEVICE_FAMILY = "1,2";
				VALIDATE_PRODUCT = YES;
			};
			name = Release;
		};
		430C9CD91868D80B002AEB0B /* Debug */ = {
			isa = XCBuildConfiguration;
			buildSettings = {
				ASSETCATALOG_COMPILER_APPICON_NAME = AppIcon;
				ASSETCATALOG_COMPILER_LAUNCHIMAGE_NAME = LaunchImage;
				GCC_PRECOMPILE_PREFIX_HEADER = YES;
				GCC_PREFIX_HEADER = "ResplendentUtilities/ResplendentUtilities-Prefix.pch";
				INFOPLIST_FILE = "ResplendentUtilities/ResplendentUtilities-Info.plist";
				PRODUCT_NAME = "$(TARGET_NAME)";
				WRAPPER_EXTENSION = app;
			};
			name = Debug;
		};
		430C9CDA1868D80B002AEB0B /* Release */ = {
			isa = XCBuildConfiguration;
			buildSettings = {
				ASSETCATALOG_COMPILER_APPICON_NAME = AppIcon;
				ASSETCATALOG_COMPILER_LAUNCHIMAGE_NAME = LaunchImage;
				GCC_PRECOMPILE_PREFIX_HEADER = YES;
				GCC_PREFIX_HEADER = "ResplendentUtilities/ResplendentUtilities-Prefix.pch";
				INFOPLIST_FILE = "ResplendentUtilities/ResplendentUtilities-Info.plist";
				PRODUCT_NAME = "$(TARGET_NAME)";
				WRAPPER_EXTENSION = app;
			};
			name = Release;
		};
		430C9CDC1868D80B002AEB0B /* Debug */ = {
			isa = XCBuildConfiguration;
			buildSettings = {
				BUNDLE_LOADER = "$(BUILT_PRODUCTS_DIR)/ResplendentUtilities.app/ResplendentUtilities";
				FRAMEWORK_SEARCH_PATHS = (
					"$(SDKROOT)/Developer/Library/Frameworks",
					"$(inherited)",
					"$(DEVELOPER_FRAMEWORKS_DIR)",
				);
				GCC_PRECOMPILE_PREFIX_HEADER = YES;
				GCC_PREFIX_HEADER = "ResplendentUtilities/ResplendentUtilities-Prefix.pch";
				GCC_PREPROCESSOR_DEFINITIONS = (
					"DEBUG=1",
					"$(inherited)",
				);
				INFOPLIST_FILE = "ResplendentUtilitiesTests/ResplendentUtilitiesTests-Info.plist";
				PRODUCT_NAME = "$(TARGET_NAME)";
				TEST_HOST = "$(BUNDLE_LOADER)";
				WRAPPER_EXTENSION = xctest;
			};
			name = Debug;
		};
		430C9CDD1868D80B002AEB0B /* Release */ = {
			isa = XCBuildConfiguration;
			buildSettings = {
				BUNDLE_LOADER = "$(BUILT_PRODUCTS_DIR)/ResplendentUtilities.app/ResplendentUtilities";
				FRAMEWORK_SEARCH_PATHS = (
					"$(SDKROOT)/Developer/Library/Frameworks",
					"$(inherited)",
					"$(DEVELOPER_FRAMEWORKS_DIR)",
				);
				GCC_PRECOMPILE_PREFIX_HEADER = YES;
				GCC_PREFIX_HEADER = "ResplendentUtilities/ResplendentUtilities-Prefix.pch";
				INFOPLIST_FILE = "ResplendentUtilitiesTests/ResplendentUtilitiesTests-Info.plist";
				PRODUCT_NAME = "$(TARGET_NAME)";
				TEST_HOST = "$(BUNDLE_LOADER)";
				WRAPPER_EXTENSION = xctest;
			};
			name = Release;
		};
/* End XCBuildConfiguration section */

/* Begin XCConfigurationList section */
		430C9CA71868D80B002AEB0B /* Build configuration list for PBXProject "ResplendentUtilities" */ = {
			isa = XCConfigurationList;
			buildConfigurations = (
				430C9CD61868D80B002AEB0B /* Debug */,
				430C9CD71868D80B002AEB0B /* Release */,
			);
			defaultConfigurationIsVisible = 0;
			defaultConfigurationName = Release;
		};
		430C9CD81868D80B002AEB0B /* Build configuration list for PBXNativeTarget "ResplendentUtilities" */ = {
			isa = XCConfigurationList;
			buildConfigurations = (
				430C9CD91868D80B002AEB0B /* Debug */,
				430C9CDA1868D80B002AEB0B /* Release */,
			);
			defaultConfigurationIsVisible = 0;
			defaultConfigurationName = Release;
		};
		430C9CDB1868D80B002AEB0B /* Build configuration list for PBXNativeTarget "ResplendentUtilitiesTests" */ = {
			isa = XCConfigurationList;
			buildConfigurations = (
				430C9CDC1868D80B002AEB0B /* Debug */,
				430C9CDD1868D80B002AEB0B /* Release */,
			);
			defaultConfigurationIsVisible = 0;
			defaultConfigurationName = Release;
		};
/* End XCConfigurationList section */
	};
	rootObject = 430C9CA41868D80B002AEB0B /* Project object */;
}
